// !$*UTF8*$!
{
	archiveVersion = 1;
	classes = {
	};
	objectVersion = 53;
	objects = {

/* Begin PBXBuildFile section */
		260135902A47597A007878BD /* UsernameAvailabilityView.swift in Sources */ = {isa = PBXBuildFile; fileRef = 2601358F2A475979007878BD /* UsernameAvailabilityView.swift */; };
		260135922A475B4A007878BD /* NextButtonView.swift in Sources */ = {isa = PBXBuildFile; fileRef = 260135912A475B4A007878BD /* NextButtonView.swift */; };
		260135952A475BBB007878BD /* PulsingModifier.swift in Sources */ = {isa = PBXBuildFile; fileRef = 260135942A475BBB007878BD /* PulsingModifier.swift */; };
		260135972A476191007878BD /* BirthtimeInputView.swift in Sources */ = {isa = PBXBuildFile; fileRef = 260135962A476191007878BD /* BirthtimeInputView.swift */; };
		2601359A2A477354007878BD /* Date+Extensions.swift in Sources */ = {isa = PBXBuildFile; fileRef = 260135992A477354007878BD /* Date+Extensions.swift */; };
		2601359C2A485A7F007878BD /* InputHomeCityView.swift in Sources */ = {isa = PBXBuildFile; fileRef = 2601359B2A485A7F007878BD /* InputHomeCityView.swift */; };
		2601359E2A488496007878BD /* Birthday.swift in Sources */ = {isa = PBXBuildFile; fileRef = 2601359D2A488496007878BD /* Birthday.swift */; };
		260135A02A4884A6007878BD /* Place.swift in Sources */ = {isa = PBXBuildFile; fileRef = 2601359F2A4884A6007878BD /* Place.swift */; };
		2608CF46268FE27300826FDA /* ImagePickerView.swift in Sources */ = {isa = PBXBuildFile; fileRef = 2608CF45268FE27300826FDA /* ImagePickerView.swift */; };
		2608CF482691425E00826FDA /* QR.swift in Sources */ = {isa = PBXBuildFile; fileRef = 2608CF472691425E00826FDA /* QR.swift */; };
		2608CF512697529600826FDA /* GlobalErrors.swift in Sources */ = {isa = PBXBuildFile; fileRef = 2608CF502697529600826FDA /* GlobalErrors.swift */; };
		2608CF532697C9D600826FDA /* SystemErrors.swift in Sources */ = {isa = PBXBuildFile; fileRef = 2608CF522697C9D600826FDA /* SystemErrors.swift */; };
		260954BD2A60ADB400114C56 /* SearchAndFriendsViewModel.swift in Sources */ = {isa = PBXBuildFile; fileRef = 260954BC2A60ADB400114C56 /* SearchAndFriendsViewModel.swift */; };
		260954BF2A60B4A400114C56 /* SegmentedMenuView.swift in Sources */ = {isa = PBXBuildFile; fileRef = 260954BE2A60B4A400114C56 /* SegmentedMenuView.swift */; };
		260954C22A60B84000114C56 /* CustomSegmentedMenuView.swift in Sources */ = {isa = PBXBuildFile; fileRef = 260954C12A60B84000114C56 /* CustomSegmentedMenuView.swift */; };
		260954C42A60BE6700114C56 /* UserTypeSelection.swift in Sources */ = {isa = PBXBuildFile; fileRef = 260954C32A60BE6700114C56 /* UserTypeSelection.swift */; };
		262712E32A61D50200E36906 /* FirebaseAuth in Frameworks */ = {isa = PBXBuildFile; productRef = 262712E22A61D50200E36906 /* FirebaseAuth */; };
		262712E52A61D50200E36906 /* FirebaseFirestore in Frameworks */ = {isa = PBXBuildFile; productRef = 262712E42A61D50200E36906 /* FirebaseFirestore */; };
		262712E72A61D50200E36906 /* FirebaseFirestoreSwift in Frameworks */ = {isa = PBXBuildFile; productRef = 262712E62A61D50200E36906 /* FirebaseFirestoreSwift */; };
		262712E92A61D50200E36906 /* FirebaseStorage in Frameworks */ = {isa = PBXBuildFile; productRef = 262712E82A61D50200E36906 /* FirebaseStorage */; };
		262712EC2A61D57A00E36906 /* LoremSwiftum in Frameworks */ = {isa = PBXBuildFile; productRef = 262712EB2A61D57A00E36906 /* LoremSwiftum */; };
		262712EF2A61D5B200E36906 /* StreamChatSwiftUI in Frameworks */ = {isa = PBXBuildFile; productRef = 262712EE2A61D5B200E36906 /* StreamChatSwiftUI */; };
		262712F22A61D66600E36906 /* URLImage in Frameworks */ = {isa = PBXBuildFile; productRef = 262712F12A61D66600E36906 /* URLImage */; };
		262712F42A61D66600E36906 /* URLImageStore in Frameworks */ = {isa = PBXBuildFile; productRef = 262712F32A61D66600E36906 /* URLImageStore */; };
		262712F72A61D6E600E36906 /* MbSwiftUIFirstResponder in Frameworks */ = {isa = PBXBuildFile; productRef = 262712F62A61D6E600E36906 /* MbSwiftUIFirstResponder */; };
		262712FA2A61D76B00E36906 /* PushNotifications in Frameworks */ = {isa = PBXBuildFile; productRef = 262712F92A61D76B00E36906 /* PushNotifications */; };
		2627C5432A71EF43008ED5DB /* UserProfileView.swift in Sources */ = {isa = PBXBuildFile; fileRef = 2627C5422A71EF43008ED5DB /* UserProfileView.swift */; };
		262F2A4B2A491AC100C980D3 /* Date+Extensions.swift in Sources */ = {isa = PBXBuildFile; fileRef = 260135992A477354007878BD /* Date+Extensions.swift */; };
		262F2A4C2A491B4E00C980D3 /* DateExtensionsTests.swift in Sources */ = {isa = PBXBuildFile; fileRef = 262F2A492A49077400C980D3 /* DateExtensionsTests.swift */; };
		262F2A4E2A4A38D400C980D3 /* TileView.swift in Sources */ = {isa = PBXBuildFile; fileRef = 262F2A4D2A4A38D400C980D3 /* TileView.swift */; };
		262F2A502A4BB9C600C980D3 /* IntentionInputView.swift in Sources */ = {isa = PBXBuildFile; fileRef = 262F2A4F2A4BB9C600C980D3 /* IntentionInputView.swift */; };
		262F2A522A4BBB2200C980D3 /* String+Extensions.swift in Sources */ = {isa = PBXBuildFile; fileRef = 262F2A512A4BBB2200C980D3 /* String+Extensions.swift */; };
		262F2A542A4D05B700C980D3 /* GenderInputView.swift in Sources */ = {isa = PBXBuildFile; fileRef = 262F2A532A4D05B700C980D3 /* GenderInputView.swift */; };
		262F2A562A4D0F3300C980D3 /* Sex.swift in Sources */ = {isa = PBXBuildFile; fileRef = 262F2A552A4D0F3300C980D3 /* Sex.swift */; };
		262F2A582A4D111B00C980D3 /* Sex+Extensions.swift in Sources */ = {isa = PBXBuildFile; fileRef = 262F2A572A4D111B00C980D3 /* Sex+Extensions.swift */; };
		262F2A5B2A5086CC00C980D3 /* AuthService.swift in Sources */ = {isa = PBXBuildFile; fileRef = 262F2A5A2A5086CC00C980D3 /* AuthService.swift */; };
		262F2A5D2A50895100C980D3 /* ContentView.swift in Sources */ = {isa = PBXBuildFile; fileRef = 262F2A5C2A50895100C980D3 /* ContentView.swift */; };
		262F2A612A50A8C000C980D3 /* Background.swift in Sources */ = {isa = PBXBuildFile; fileRef = 262F2A602A50A8C000C980D3 /* Background.swift */; };
		262F2A632A50A98B00C980D3 /* BackgroundViewModel.swift in Sources */ = {isa = PBXBuildFile; fileRef = 262F2A622A50A98B00C980D3 /* BackgroundViewModel.swift */; };
		262F2A652A51C3CE00C980D3 /* HomeView.swift in Sources */ = {isa = PBXBuildFile; fileRef = 262F2A642A51C3CE00C980D3 /* HomeView.swift */; };
		262F2A682A521C0400C980D3 /* AppUser.swift in Sources */ = {isa = PBXBuildFile; fileRef = 262F2A672A521C0400C980D3 /* AppUser.swift */; };
		263695ED269B7872006EEA79 /* GoogleService-Info.plist in Resources */ = {isa = PBXBuildFile; fileRef = 263695EC269B7872006EEA79 /* GoogleService-Info.plist */; };
		263695EE269B7872006EEA79 /* GoogleService-Info.plist in Resources */ = {isa = PBXBuildFile; fileRef = 263695EC269B7872006EEA79 /* GoogleService-Info.plist */; };
		263695EF269B7872006EEA79 /* GoogleService-Info.plist in Resources */ = {isa = PBXBuildFile; fileRef = 263695EC269B7872006EEA79 /* GoogleService-Info.plist */; };
		263D6F962683F77C00CBBECC /* Location.swift in Sources */ = {isa = PBXBuildFile; fileRef = 263D6F952683F77C00CBBECC /* Location.swift */; };
		263D6F982684012000CBBECC /* AccountErrors.swift in Sources */ = {isa = PBXBuildFile; fileRef = 263D6F972684012000CBBECC /* AccountErrors.swift */; };
		263D6F9A2684087300CBBECC /* AmareUser.swift in Sources */ = {isa = PBXBuildFile; fileRef = 263D6F992684087300CBBECC /* AmareUser.swift */; };
		263FBDE0283BE4B4008F35C5 /* MathUtilities.swift in Sources */ = {isa = PBXBuildFile; fileRef = 263FBDDF283BE4B4008F35C5 /* MathUtilities.swift */; };
		2642B7732A467F3F009DD789 /* BirthdayInputView.swift in Sources */ = {isa = PBXBuildFile; fileRef = 2642B7722A467F3F009DD789 /* BirthdayInputView.swift */; };
		2662ED1A2842D17600B0EA57 /* FindNearbyUserView.swift in Sources */ = {isa = PBXBuildFile; fileRef = 2662ED162842D17600B0EA57 /* FindNearbyUserView.swift */; };
		2662ED1B2842D17600B0EA57 /* ProfileImageView.swift in Sources */ = {isa = PBXBuildFile; fileRef = 2662ED182842D17600B0EA57 /* ProfileImageView.swift */; };
		2662ED1C2842D17600B0EA57 /* PulsingView.swift in Sources */ = {isa = PBXBuildFile; fileRef = 2662ED192842D17600B0EA57 /* PulsingView.swift */; };
		2684C6632A65F8110048BB4E /* CircularProfileImageView.swift in Sources */ = {isa = PBXBuildFile; fileRef = 2684C6622A65F8110048BB4E /* CircularProfileImageView.swift */; };
		2684C6662A65F9800048BB4E /* SDWebImageSwiftUI in Frameworks */ = {isa = PBXBuildFile; productRef = 2684C6652A65F9800048BB4E /* SDWebImageSwiftUI */; };
		268E542826DCEC6400E61F40 /* InputVerificationCode.swift in Sources */ = {isa = PBXBuildFile; fileRef = 268E542726DCEC6400E61F40 /* InputVerificationCode.swift */; };
		268F26C1268018EE00FBEA7D /* ForNavigation.swift in Sources */ = {isa = PBXBuildFile; fileRef = 268F26C0268018EE00FBEA7D /* ForNavigation.swift */; };
		26970699268101B0007E7961 /* SceneDelegate.swift in Sources */ = {isa = PBXBuildFile; fileRef = 26970698268101B0007E7961 /* SceneDelegate.swift */; };
		26A0B9DB2A24F88A00DCAB5F /* RGQuizViewModel.swift in Sources */ = {isa = PBXBuildFile; fileRef = 26A0B9DA2A24F88A00DCAB5F /* RGQuizViewModel.swift */; };
		26A137CE2A5F4466003C6657 /* FriendRequest.swift in Sources */ = {isa = PBXBuildFile; fileRef = 26A137CD2A5F4466003C6657 /* FriendRequest.swift */; };
		26A5FBC92A7320DC00D94476 /* ImageForUserProfileView.swift in Sources */ = {isa = PBXBuildFile; fileRef = 26A5FBC82A7320DC00D94476 /* ImageForUserProfileView.swift */; };
		26A5FBCE2A73221400D94476 /* UserProfileModel.swift in Sources */ = {isa = PBXBuildFile; fileRef = 26A5FBCD2A73221400D94476 /* UserProfileModel.swift */; };
		26A5FBD82A732E4C00D94476 /* NatalChart.swift in Sources */ = {isa = PBXBuildFile; fileRef = 26A5FBD12A732E4B00D94476 /* NatalChart.swift */; };
		26A5FBD92A732E4C00D94476 /* Angle.swift in Sources */ = {isa = PBXBuildFile; fileRef = 26A5FBD22A732E4B00D94476 /* Angle.swift */; };
		26A5FBDA2A732E4C00D94476 /* Aspect.swift in Sources */ = {isa = PBXBuildFile; fileRef = 26A5FBD32A732E4B00D94476 /* Aspect.swift */; };
		26A5FBDB2A732E4C00D94476 /* Element.swift in Sources */ = {isa = PBXBuildFile; fileRef = 26A5FBD42A732E4B00D94476 /* Element.swift */; };
		26A5FBDC2A732E4C00D94476 /* ZodiacSign.swift in Sources */ = {isa = PBXBuildFile; fileRef = 26A5FBD52A732E4B00D94476 /* ZodiacSign.swift */; };
		26A5FBDD2A732E4C00D94476 /* Planet.swift in Sources */ = {isa = PBXBuildFile; fileRef = 26A5FBD62A732E4B00D94476 /* Planet.swift */; };
		26A5FBDE2A732E4C00D94476 /* House.swift in Sources */ = {isa = PBXBuildFile; fileRef = 26A5FBD72A732E4B00D94476 /* House.swift */; };
		26A5FBE82A7334F100D94476 /* PlanetView.swift in Sources */ = {isa = PBXBuildFile; fileRef = 26A5FBE72A7334F100D94476 /* PlanetView.swift */; };
		26A5FBEB2A73399100D94476 /* SunSignView.swift in Sources */ = {isa = PBXBuildFile; fileRef = 26A5FBEA2A73399100D94476 /* SunSignView.swift */; };
		26A5FBED2A733A0100D94476 /* Numbers+Extensions.swift in Sources */ = {isa = PBXBuildFile; fileRef = 26A5FBEC2A733A0100D94476 /* Numbers+Extensions.swift */; };
		26A5FBEF2A733B1100D94476 /* NatalChartTabView.swift in Sources */ = {isa = PBXBuildFile; fileRef = 26A5FBEE2A733B1100D94476 /* NatalChartTabView.swift */; };
		26A5FBF12A73444D00D94476 /* UserListRowView.swift in Sources */ = {isa = PBXBuildFile; fileRef = 26A5FBF02A73444D00D94476 /* UserListRowView.swift */; };
		26AF20E626CF458E00D99F36 /* InputPhoneNumber.swift in Sources */ = {isa = PBXBuildFile; fileRef = 26AF20E526CF458E00D99F36 /* InputPhoneNumber.swift */; };
		26B1AFD62678FFE500A170B3 /* AmareApp.swift in Sources */ = {isa = PBXBuildFile; fileRef = 26B1AFD52678FFE500A170B3 /* AmareApp.swift */; };
		26B1AFDA2678FFE700A170B3 /* Assets.xcassets in Resources */ = {isa = PBXBuildFile; fileRef = 26B1AFD92678FFE700A170B3 /* Assets.xcassets */; };
		26B1AFDD2678FFE700A170B3 /* Preview Assets.xcassets in Resources */ = {isa = PBXBuildFile; fileRef = 26B1AFDC2678FFE700A170B3 /* Preview Assets.xcassets */; };
		26B1AFDF2678FFE700A170B3 /* Persistence.swift in Sources */ = {isa = PBXBuildFile; fileRef = 26B1AFDE2678FFE700A170B3 /* Persistence.swift */; };
		26B1AFE22678FFE700A170B3 /* Love.xcdatamodeld in Sources */ = {isa = PBXBuildFile; fileRef = 26B1AFE02678FFE700A170B3 /* Love.xcdatamodeld */; };
		26B1AFED2678FFE700A170B3 /* LoveTests.swift in Sources */ = {isa = PBXBuildFile; fileRef = 26B1AFEC2678FFE700A170B3 /* LoveTests.swift */; };
		26B1AFF82678FFE700A170B3 /* LoveUITests.swift in Sources */ = {isa = PBXBuildFile; fileRef = 26B1AFF72678FFE700A170B3 /* LoveUITests.swift */; };
		26B1B011267C28E000A170B3 /* Extensions.swift in Sources */ = {isa = PBXBuildFile; fileRef = 26B1B010267C28E000A170B3 /* Extensions.swift */; };
		26B598D2295CC8A8009DEA22 /* TabViewUI.swift in Sources */ = {isa = PBXBuildFile; fileRef = 26B598D1295CC8A8009DEA22 /* TabViewUI.swift */; };
		26B6079D26C021C900CE8491 /* SignInOrUpView.swift in Sources */ = {isa = PBXBuildFile; fileRef = 26B6079C26C021C900CE8491 /* SignInOrUpView.swift */; };
		26C399C92A5DCFA90061F9B8 /* URL+Extensions.swift in Sources */ = {isa = PBXBuildFile; fileRef = 26C399C82A5DCFA90061F9B8 /* URL+Extensions.swift */; };
		26C399CB2A5E23350061F9B8 /* SearchAndFriendsView.swift in Sources */ = {isa = PBXBuildFile; fileRef = 26C399CA2A5E23340061F9B8 /* SearchAndFriendsView.swift */; };
		26C3EE162A45010300CCA9E0 /* FirestoreService.swift in Sources */ = {isa = PBXBuildFile; fileRef = 26C3EE152A45010300CCA9E0 /* FirestoreService.swift */; };
		26C3EE192A4510D900CCA9E0 /* AppConfig.swift in Sources */ = {isa = PBXBuildFile; fileRef = 26C3EE182A4510D900CCA9E0 /* AppConfig.swift */; };
		26C4663F2A34FE96000EC8BC /* RGResponse.swift in Sources */ = {isa = PBXBuildFile; fileRef = 26C4663D2A34FE96000EC8BC /* RGResponse.swift */; };
		26C466402A34FE96000EC8BC /* RGQuizQuestion.swift in Sources */ = {isa = PBXBuildFile; fileRef = 26C4663E2A34FE96000EC8BC /* RGQuizQuestion.swift */; };
		26C4664C2A34FEC0000EC8BC /* QuestionView.swift in Sources */ = {isa = PBXBuildFile; fileRef = 26C466432A34FEBE000EC8BC /* QuestionView.swift */; };
		26C4664D2A34FEC0000EC8BC /* BeginQuizBodyView.swift in Sources */ = {isa = PBXBuildFile; fileRef = 26C466442A34FEBE000EC8BC /* BeginQuizBodyView.swift */; };
		26C4664E2A34FEC0000EC8BC /* BeginQuizView.swift in Sources */ = {isa = PBXBuildFile; fileRef = 26C466452A34FEBE000EC8BC /* BeginQuizView.swift */; };
		26C4664F2A34FEC0000EC8BC /* AnswerView.swift in Sources */ = {isa = PBXBuildFile; fileRef = 26C466462A34FEBE000EC8BC /* AnswerView.swift */; };
		26C466502A34FEC0000EC8BC /* RGQuizView.swift in Sources */ = {isa = PBXBuildFile; fileRef = 26C466472A34FEBE000EC8BC /* RGQuizView.swift */; };
		26C466512A34FEC0000EC8BC /* UsernameInputView.swift in Sources */ = {isa = PBXBuildFile; fileRef = 26C466492A34FEC0000EC8BC /* UsernameInputView.swift */; };
		26C466522A34FEC0000EC8BC /* InputNameView.swift in Sources */ = {isa = PBXBuildFile; fileRef = 26C4664A2A34FEC0000EC8BC /* InputNameView.swift */; };
		26C466532A34FEC0000EC8BC /* OnboardingSignUpView.swift in Sources */ = {isa = PBXBuildFile; fileRef = 26C4664B2A34FEC0000EC8BC /* OnboardingSignUpView.swift */; };
		26C466552A34FEE0000EC8BC /* OnboardingViewModel.swift in Sources */ = {isa = PBXBuildFile; fileRef = 26C466542A34FEDF000EC8BC /* OnboardingViewModel.swift */; };
		26C466582A350D4B000EC8BC /* OnboardingScreen.swift in Sources */ = {isa = PBXBuildFile; fileRef = 26C466572A350D4B000EC8BC /* OnboardingScreen.swift */; };
		26C4665B2A35276A000EC8BC /* ProgressBarView.swift in Sources */ = {isa = PBXBuildFile; fileRef = 26C4665A2A35276A000EC8BC /* ProgressBarView.swift */; };
		26D229ED2A5CDFC500BFA3BB /* OnboardingError.swift in Sources */ = {isa = PBXBuildFile; fileRef = 26D229EC2A5CDFC400BFA3BB /* OnboardingError.swift */; };
		26D685922A6A001E0070CE79 /* SearchedUser.swift in Sources */ = {isa = PBXBuildFile; fileRef = 26D685912A6A001E0070CE79 /* SearchedUser.swift */; };
		26E10BAD28679A6E007666F9 /* MessagesChannelListTopView.swift in Sources */ = {isa = PBXBuildFile; fileRef = 26E10BAC28679A6D007666F9 /* MessagesChannelListTopView.swift */; };
		26F9205F26A760E500A4F8C6 /* Animations.swift in Sources */ = {isa = PBXBuildFile; fileRef = 26F9205E26A760E500A4F8C6 /* Animations.swift */; };
		26F9206B26A8756200A4F8C6 /* MontserratAlternates-SemiBold.ttf in Resources */ = {isa = PBXBuildFile; fileRef = 26F9206A26A8756200A4F8C6 /* MontserratAlternates-SemiBold.ttf */; };
		26F9206C26A8756200A4F8C6 /* MontserratAlternates-SemiBold.ttf in Resources */ = {isa = PBXBuildFile; fileRef = 26F9206A26A8756200A4F8C6 /* MontserratAlternates-SemiBold.ttf */; };
		26F9206D26A8756200A4F8C6 /* MontserratAlternates-SemiBold.ttf in Resources */ = {isa = PBXBuildFile; fileRef = 26F9206A26A8756200A4F8C6 /* MontserratAlternates-SemiBold.ttf */; };
		26FCD2582A23D2ED00A09569 /* AppEnvironment.swift in Sources */ = {isa = PBXBuildFile; fileRef = 26FCD2572A23D2ED00A09569 /* AppEnvironment.swift */; };
/* End PBXBuildFile section */

/* Begin PBXContainerItemProxy section */
		262F2A442A4906EF00C980D3 /* PBXContainerItemProxy */ = {
			isa = PBXContainerItemProxy;
			containerPortal = 26B1AFCA2678FFE500A170B3 /* Project object */;
			proxyType = 1;
			remoteGlobalIDString = 26B1AFD12678FFE500A170B3;
			remoteInfo = Amare;
		};
		26B1AFE92678FFE700A170B3 /* PBXContainerItemProxy */ = {
			isa = PBXContainerItemProxy;
			containerPortal = 26B1AFCA2678FFE500A170B3 /* Project object */;
			proxyType = 1;
			remoteGlobalIDString = 26B1AFD12678FFE500A170B3;
			remoteInfo = Love;
		};
		26B1AFF42678FFE700A170B3 /* PBXContainerItemProxy */ = {
			isa = PBXContainerItemProxy;
			containerPortal = 26B1AFCA2678FFE500A170B3 /* Project object */;
			proxyType = 1;
			remoteGlobalIDString = 26B1AFD12678FFE500A170B3;
			remoteInfo = Love;
		};
/* End PBXContainerItemProxy section */

/* Begin PBXFileReference section */
		2601358F2A475979007878BD /* UsernameAvailabilityView.swift */ = {isa = PBXFileReference; lastKnownFileType = sourcecode.swift; path = UsernameAvailabilityView.swift; sourceTree = "<group>"; };
		260135912A475B4A007878BD /* NextButtonView.swift */ = {isa = PBXFileReference; lastKnownFileType = sourcecode.swift; path = NextButtonView.swift; sourceTree = "<group>"; };
		260135942A475BBB007878BD /* PulsingModifier.swift */ = {isa = PBXFileReference; lastKnownFileType = sourcecode.swift; path = PulsingModifier.swift; sourceTree = "<group>"; };
		260135962A476191007878BD /* BirthtimeInputView.swift */ = {isa = PBXFileReference; lastKnownFileType = sourcecode.swift; path = BirthtimeInputView.swift; sourceTree = "<group>"; };
		260135992A477354007878BD /* Date+Extensions.swift */ = {isa = PBXFileReference; lastKnownFileType = sourcecode.swift; path = "Date+Extensions.swift"; sourceTree = "<group>"; };
		2601359B2A485A7F007878BD /* InputHomeCityView.swift */ = {isa = PBXFileReference; lastKnownFileType = sourcecode.swift; path = InputHomeCityView.swift; sourceTree = "<group>"; };
		2601359D2A488496007878BD /* Birthday.swift */ = {isa = PBXFileReference; lastKnownFileType = sourcecode.swift; path = Birthday.swift; sourceTree = "<group>"; };
		2601359F2A4884A6007878BD /* Place.swift */ = {isa = PBXFileReference; lastKnownFileType = sourcecode.swift; path = Place.swift; sourceTree = "<group>"; };
		2608CF45268FE27300826FDA /* ImagePickerView.swift */ = {isa = PBXFileReference; lastKnownFileType = sourcecode.swift; path = ImagePickerView.swift; sourceTree = "<group>"; };
		2608CF472691425E00826FDA /* QR.swift */ = {isa = PBXFileReference; lastKnownFileType = sourcecode.swift; path = QR.swift; sourceTree = "<group>"; };
		2608CF502697529600826FDA /* GlobalErrors.swift */ = {isa = PBXFileReference; lastKnownFileType = sourcecode.swift; path = GlobalErrors.swift; sourceTree = "<group>"; };
		2608CF522697C9D600826FDA /* SystemErrors.swift */ = {isa = PBXFileReference; lastKnownFileType = sourcecode.swift; path = SystemErrors.swift; sourceTree = "<group>"; };
		260954BC2A60ADB400114C56 /* SearchAndFriendsViewModel.swift */ = {isa = PBXFileReference; lastKnownFileType = sourcecode.swift; path = SearchAndFriendsViewModel.swift; sourceTree = "<group>"; };
		260954BE2A60B4A400114C56 /* SegmentedMenuView.swift */ = {isa = PBXFileReference; lastKnownFileType = sourcecode.swift; path = SegmentedMenuView.swift; sourceTree = "<group>"; };
		260954C12A60B84000114C56 /* CustomSegmentedMenuView.swift */ = {isa = PBXFileReference; lastKnownFileType = sourcecode.swift; path = CustomSegmentedMenuView.swift; sourceTree = "<group>"; };
		260954C32A60BE6700114C56 /* UserTypeSelection.swift */ = {isa = PBXFileReference; lastKnownFileType = sourcecode.swift; path = UserTypeSelection.swift; sourceTree = "<group>"; };
		2627C5422A71EF43008ED5DB /* UserProfileView.swift */ = {isa = PBXFileReference; lastKnownFileType = sourcecode.swift; path = UserProfileView.swift; sourceTree = "<group>"; };
		262F2A402A4906EF00C980D3 /* OnboardingTests.xctest */ = {isa = PBXFileReference; explicitFileType = wrapper.cfbundle; includeInIndex = 0; path = OnboardingTests.xctest; sourceTree = BUILT_PRODUCTS_DIR; };
		262F2A492A49077400C980D3 /* DateExtensionsTests.swift */ = {isa = PBXFileReference; lastKnownFileType = sourcecode.swift; path = DateExtensionsTests.swift; sourceTree = "<group>"; };
		262F2A4D2A4A38D400C980D3 /* TileView.swift */ = {isa = PBXFileReference; lastKnownFileType = sourcecode.swift; path = TileView.swift; sourceTree = "<group>"; };
		262F2A4F2A4BB9C600C980D3 /* IntentionInputView.swift */ = {isa = PBXFileReference; lastKnownFileType = sourcecode.swift; path = IntentionInputView.swift; sourceTree = "<group>"; };
		262F2A512A4BBB2200C980D3 /* String+Extensions.swift */ = {isa = PBXFileReference; lastKnownFileType = sourcecode.swift; path = "String+Extensions.swift"; sourceTree = "<group>"; };
		262F2A532A4D05B700C980D3 /* GenderInputView.swift */ = {isa = PBXFileReference; lastKnownFileType = sourcecode.swift; path = GenderInputView.swift; sourceTree = "<group>"; };
		262F2A552A4D0F3300C980D3 /* Sex.swift */ = {isa = PBXFileReference; lastKnownFileType = sourcecode.swift; path = Sex.swift; sourceTree = "<group>"; };
		262F2A572A4D111B00C980D3 /* Sex+Extensions.swift */ = {isa = PBXFileReference; lastKnownFileType = sourcecode.swift; path = "Sex+Extensions.swift"; sourceTree = "<group>"; };
		262F2A5A2A5086CC00C980D3 /* AuthService.swift */ = {isa = PBXFileReference; lastKnownFileType = sourcecode.swift; path = AuthService.swift; sourceTree = "<group>"; };
		262F2A5C2A50895100C980D3 /* ContentView.swift */ = {isa = PBXFileReference; lastKnownFileType = sourcecode.swift; path = ContentView.swift; sourceTree = "<group>"; };
		262F2A602A50A8C000C980D3 /* Background.swift */ = {isa = PBXFileReference; lastKnownFileType = sourcecode.swift; path = Background.swift; sourceTree = "<group>"; };
		262F2A622A50A98B00C980D3 /* BackgroundViewModel.swift */ = {isa = PBXFileReference; lastKnownFileType = sourcecode.swift; path = BackgroundViewModel.swift; sourceTree = "<group>"; };
		262F2A642A51C3CE00C980D3 /* HomeView.swift */ = {isa = PBXFileReference; lastKnownFileType = sourcecode.swift; path = HomeView.swift; sourceTree = "<group>"; };
		262F2A672A521C0400C980D3 /* AppUser.swift */ = {isa = PBXFileReference; lastKnownFileType = sourcecode.swift; path = AppUser.swift; sourceTree = "<group>"; };
		263695E9269B495F006EEA79 /* GoogleService-Info .plist */ = {isa = PBXFileReference; lastKnownFileType = text.plist.xml; path = "GoogleService-Info .plist"; sourceTree = "<group>"; };
		263695EC269B7872006EEA79 /* GoogleService-Info.plist */ = {isa = PBXFileReference; fileEncoding = 4; lastKnownFileType = text.plist.xml; path = "GoogleService-Info.plist"; sourceTree = "<group>"; };
		263D6F952683F77C00CBBECC /* Location.swift */ = {isa = PBXFileReference; lastKnownFileType = sourcecode.swift; path = Location.swift; sourceTree = "<group>"; };
		263D6F972684012000CBBECC /* AccountErrors.swift */ = {isa = PBXFileReference; lastKnownFileType = sourcecode.swift; path = AccountErrors.swift; sourceTree = "<group>"; };
		263D6F992684087300CBBECC /* AmareUser.swift */ = {isa = PBXFileReference; lastKnownFileType = sourcecode.swift; path = AmareUser.swift; sourceTree = "<group>"; };
		263FBDDF283BE4B4008F35C5 /* MathUtilities.swift */ = {isa = PBXFileReference; lastKnownFileType = sourcecode.swift; path = MathUtilities.swift; sourceTree = "<group>"; };
		2642B7722A467F3F009DD789 /* BirthdayInputView.swift */ = {isa = PBXFileReference; lastKnownFileType = sourcecode.swift; path = BirthdayInputView.swift; sourceTree = "<group>"; };
		2662ED162842D17600B0EA57 /* FindNearbyUserView.swift */ = {isa = PBXFileReference; fileEncoding = 4; lastKnownFileType = sourcecode.swift; path = FindNearbyUserView.swift; sourceTree = "<group>"; };
		2662ED182842D17600B0EA57 /* ProfileImageView.swift */ = {isa = PBXFileReference; fileEncoding = 4; lastKnownFileType = sourcecode.swift; path = ProfileImageView.swift; sourceTree = "<group>"; };
		2662ED192842D17600B0EA57 /* PulsingView.swift */ = {isa = PBXFileReference; fileEncoding = 4; lastKnownFileType = sourcecode.swift; path = PulsingView.swift; sourceTree = "<group>"; };
		2684C6622A65F8110048BB4E /* CircularProfileImageView.swift */ = {isa = PBXFileReference; lastKnownFileType = sourcecode.swift; path = CircularProfileImageView.swift; sourceTree = "<group>"; };
		268E542726DCEC6400E61F40 /* InputVerificationCode.swift */ = {isa = PBXFileReference; lastKnownFileType = sourcecode.swift; path = InputVerificationCode.swift; sourceTree = "<group>"; };
		268F26C0268018EE00FBEA7D /* ForNavigation.swift */ = {isa = PBXFileReference; lastKnownFileType = sourcecode.swift; path = ForNavigation.swift; sourceTree = "<group>"; };
		26970698268101B0007E7961 /* SceneDelegate.swift */ = {isa = PBXFileReference; lastKnownFileType = sourcecode.swift; path = SceneDelegate.swift; sourceTree = "<group>"; };
		26A0B9DA2A24F88A00DCAB5F /* RGQuizViewModel.swift */ = {isa = PBXFileReference; lastKnownFileType = sourcecode.swift; path = RGQuizViewModel.swift; sourceTree = "<group>"; };
		26A137CD2A5F4466003C6657 /* FriendRequest.swift */ = {isa = PBXFileReference; lastKnownFileType = sourcecode.swift; path = FriendRequest.swift; sourceTree = "<group>"; };
		26A5FBC82A7320DC00D94476 /* ImageForUserProfileView.swift */ = {isa = PBXFileReference; lastKnownFileType = sourcecode.swift; path = ImageForUserProfileView.swift; sourceTree = "<group>"; };
		26A5FBCD2A73221400D94476 /* UserProfileModel.swift */ = {isa = PBXFileReference; lastKnownFileType = sourcecode.swift; path = UserProfileModel.swift; sourceTree = "<group>"; };
		26A5FBD12A732E4B00D94476 /* NatalChart.swift */ = {isa = PBXFileReference; fileEncoding = 4; lastKnownFileType = sourcecode.swift; path = NatalChart.swift; sourceTree = "<group>"; };
		26A5FBD22A732E4B00D94476 /* Angle.swift */ = {isa = PBXFileReference; fileEncoding = 4; lastKnownFileType = sourcecode.swift; path = Angle.swift; sourceTree = "<group>"; };
		26A5FBD32A732E4B00D94476 /* Aspect.swift */ = {isa = PBXFileReference; fileEncoding = 4; lastKnownFileType = sourcecode.swift; path = Aspect.swift; sourceTree = "<group>"; };
		26A5FBD42A732E4B00D94476 /* Element.swift */ = {isa = PBXFileReference; fileEncoding = 4; lastKnownFileType = sourcecode.swift; path = Element.swift; sourceTree = "<group>"; };
		26A5FBD52A732E4B00D94476 /* ZodiacSign.swift */ = {isa = PBXFileReference; fileEncoding = 4; lastKnownFileType = sourcecode.swift; path = ZodiacSign.swift; sourceTree = "<group>"; };
		26A5FBD62A732E4B00D94476 /* Planet.swift */ = {isa = PBXFileReference; fileEncoding = 4; lastKnownFileType = sourcecode.swift; path = Planet.swift; sourceTree = "<group>"; };
		26A5FBD72A732E4B00D94476 /* House.swift */ = {isa = PBXFileReference; fileEncoding = 4; lastKnownFileType = sourcecode.swift; path = House.swift; sourceTree = "<group>"; };
		26A5FBE72A7334F100D94476 /* PlanetView.swift */ = {isa = PBXFileReference; lastKnownFileType = sourcecode.swift; path = PlanetView.swift; sourceTree = "<group>"; };
		26A5FBEA2A73399100D94476 /* SunSignView.swift */ = {isa = PBXFileReference; lastKnownFileType = sourcecode.swift; path = SunSignView.swift; sourceTree = "<group>"; };
		26A5FBEC2A733A0100D94476 /* Numbers+Extensions.swift */ = {isa = PBXFileReference; lastKnownFileType = sourcecode.swift; path = "Numbers+Extensions.swift"; sourceTree = "<group>"; };
		26A5FBEE2A733B1100D94476 /* NatalChartTabView.swift */ = {isa = PBXFileReference; lastKnownFileType = sourcecode.swift; path = NatalChartTabView.swift; sourceTree = "<group>"; };
		26A5FBF02A73444D00D94476 /* UserListRowView.swift */ = {isa = PBXFileReference; lastKnownFileType = sourcecode.swift; path = UserListRowView.swift; sourceTree = "<group>"; };
		26AF20E526CF458E00D99F36 /* InputPhoneNumber.swift */ = {isa = PBXFileReference; lastKnownFileType = sourcecode.swift; path = InputPhoneNumber.swift; sourceTree = "<group>"; };
		26B1AFD22678FFE500A170B3 /* Amare.app */ = {isa = PBXFileReference; explicitFileType = wrapper.application; includeInIndex = 0; path = Amare.app; sourceTree = BUILT_PRODUCTS_DIR; };
		26B1AFD52678FFE500A170B3 /* AmareApp.swift */ = {isa = PBXFileReference; lastKnownFileType = sourcecode.swift; path = AmareApp.swift; sourceTree = "<group>"; };
		26B1AFD92678FFE700A170B3 /* Assets.xcassets */ = {isa = PBXFileReference; lastKnownFileType = folder.assetcatalog; name = Assets.xcassets; path = Amare/Assets.xcassets; sourceTree = SOURCE_ROOT; };
		26B1AFDC2678FFE700A170B3 /* Preview Assets.xcassets */ = {isa = PBXFileReference; lastKnownFileType = folder.assetcatalog; path = "Preview Assets.xcassets"; sourceTree = "<group>"; };
		26B1AFDE2678FFE700A170B3 /* Persistence.swift */ = {isa = PBXFileReference; lastKnownFileType = sourcecode.swift; path = Persistence.swift; sourceTree = "<group>"; };
		26B1AFE12678FFE700A170B3 /* Love.xcdatamodel */ = {isa = PBXFileReference; lastKnownFileType = wrapper.xcdatamodel; path = Love.xcdatamodel; sourceTree = "<group>"; };
		26B1AFE32678FFE700A170B3 /* Info.plist */ = {isa = PBXFileReference; lastKnownFileType = text.plist.xml; path = Info.plist; sourceTree = "<group>"; };
		26B1AFE82678FFE700A170B3 /* AmareTests.xctest */ = {isa = PBXFileReference; explicitFileType = wrapper.cfbundle; includeInIndex = 0; path = AmareTests.xctest; sourceTree = BUILT_PRODUCTS_DIR; };
		26B1AFEC2678FFE700A170B3 /* LoveTests.swift */ = {isa = PBXFileReference; lastKnownFileType = sourcecode.swift; path = LoveTests.swift; sourceTree = "<group>"; };
		26B1AFEE2678FFE700A170B3 /* Info.plist */ = {isa = PBXFileReference; lastKnownFileType = text.plist.xml; path = Info.plist; sourceTree = "<group>"; };
		26B1AFF32678FFE700A170B3 /* AmareUITests.xctest */ = {isa = PBXFileReference; explicitFileType = wrapper.cfbundle; includeInIndex = 0; path = AmareUITests.xctest; sourceTree = BUILT_PRODUCTS_DIR; };
		26B1AFF72678FFE700A170B3 /* LoveUITests.swift */ = {isa = PBXFileReference; lastKnownFileType = sourcecode.swift; path = LoveUITests.swift; sourceTree = "<group>"; };
		26B1AFF92678FFE700A170B3 /* Info.plist */ = {isa = PBXFileReference; lastKnownFileType = text.plist.xml; path = Info.plist; sourceTree = "<group>"; };
		26B1B010267C28E000A170B3 /* Extensions.swift */ = {isa = PBXFileReference; lastKnownFileType = sourcecode.swift; path = Extensions.swift; sourceTree = "<group>"; };
		26B598D1295CC8A8009DEA22 /* TabViewUI.swift */ = {isa = PBXFileReference; lastKnownFileType = sourcecode.swift; path = TabViewUI.swift; sourceTree = "<group>"; };
		26B6079C26C021C900CE8491 /* SignInOrUpView.swift */ = {isa = PBXFileReference; lastKnownFileType = sourcecode.swift; path = SignInOrUpView.swift; sourceTree = "<group>"; };
		26BBF08A267D321F00C84019 /* Amare.entitlements */ = {isa = PBXFileReference; lastKnownFileType = text.plist.entitlements; path = Amare.entitlements; sourceTree = "<group>"; };
		26C399C82A5DCFA90061F9B8 /* URL+Extensions.swift */ = {isa = PBXFileReference; lastKnownFileType = sourcecode.swift; path = "URL+Extensions.swift"; sourceTree = "<group>"; };
		26C399CA2A5E23340061F9B8 /* SearchAndFriendsView.swift */ = {isa = PBXFileReference; lastKnownFileType = sourcecode.swift; path = SearchAndFriendsView.swift; sourceTree = "<group>"; };
		26C3EE152A45010300CCA9E0 /* FirestoreService.swift */ = {isa = PBXFileReference; lastKnownFileType = sourcecode.swift; path = FirestoreService.swift; sourceTree = "<group>"; };
		26C3EE182A4510D900CCA9E0 /* AppConfig.swift */ = {isa = PBXFileReference; lastKnownFileType = sourcecode.swift; path = AppConfig.swift; sourceTree = "<group>"; };
		26C4663D2A34FE96000EC8BC /* RGResponse.swift */ = {isa = PBXFileReference; fileEncoding = 4; lastKnownFileType = sourcecode.swift; path = RGResponse.swift; sourceTree = "<group>"; };
		26C4663E2A34FE96000EC8BC /* RGQuizQuestion.swift */ = {isa = PBXFileReference; fileEncoding = 4; lastKnownFileType = sourcecode.swift; path = RGQuizQuestion.swift; sourceTree = "<group>"; };
		26C466432A34FEBE000EC8BC /* QuestionView.swift */ = {isa = PBXFileReference; fileEncoding = 4; lastKnownFileType = sourcecode.swift; path = QuestionView.swift; sourceTree = "<group>"; };
		26C466442A34FEBE000EC8BC /* BeginQuizBodyView.swift */ = {isa = PBXFileReference; fileEncoding = 4; lastKnownFileType = sourcecode.swift; path = BeginQuizBodyView.swift; sourceTree = "<group>"; };
		26C466452A34FEBE000EC8BC /* BeginQuizView.swift */ = {isa = PBXFileReference; fileEncoding = 4; lastKnownFileType = sourcecode.swift; path = BeginQuizView.swift; sourceTree = "<group>"; };
		26C466462A34FEBE000EC8BC /* AnswerView.swift */ = {isa = PBXFileReference; fileEncoding = 4; lastKnownFileType = sourcecode.swift; path = AnswerView.swift; sourceTree = "<group>"; };
		26C466472A34FEBE000EC8BC /* RGQuizView.swift */ = {isa = PBXFileReference; fileEncoding = 4; lastKnownFileType = sourcecode.swift; path = RGQuizView.swift; sourceTree = "<group>"; };
		26C466492A34FEC0000EC8BC /* UsernameInputView.swift */ = {isa = PBXFileReference; fileEncoding = 4; lastKnownFileType = sourcecode.swift; path = UsernameInputView.swift; sourceTree = "<group>"; };
		26C4664A2A34FEC0000EC8BC /* InputNameView.swift */ = {isa = PBXFileReference; fileEncoding = 4; lastKnownFileType = sourcecode.swift; path = InputNameView.swift; sourceTree = "<group>"; };
		26C4664B2A34FEC0000EC8BC /* OnboardingSignUpView.swift */ = {isa = PBXFileReference; fileEncoding = 4; lastKnownFileType = sourcecode.swift; path = OnboardingSignUpView.swift; sourceTree = "<group>"; };
		26C466542A34FEDF000EC8BC /* OnboardingViewModel.swift */ = {isa = PBXFileReference; fileEncoding = 4; lastKnownFileType = sourcecode.swift; path = OnboardingViewModel.swift; sourceTree = "<group>"; };
		26C466572A350D4B000EC8BC /* OnboardingScreen.swift */ = {isa = PBXFileReference; fileEncoding = 4; lastKnownFileType = sourcecode.swift; path = OnboardingScreen.swift; sourceTree = "<group>"; };
		26C4665A2A35276A000EC8BC /* ProgressBarView.swift */ = {isa = PBXFileReference; lastKnownFileType = sourcecode.swift; path = ProgressBarView.swift; sourceTree = "<group>"; };
		26D229EC2A5CDFC400BFA3BB /* OnboardingError.swift */ = {isa = PBXFileReference; lastKnownFileType = sourcecode.swift; path = OnboardingError.swift; sourceTree = "<group>"; };
		26D685912A6A001E0070CE79 /* SearchedUser.swift */ = {isa = PBXFileReference; lastKnownFileType = sourcecode.swift; path = SearchedUser.swift; sourceTree = "<group>"; };
		26E10BAC28679A6D007666F9 /* MessagesChannelListTopView.swift */ = {isa = PBXFileReference; lastKnownFileType = sourcecode.swift; path = MessagesChannelListTopView.swift; sourceTree = "<group>"; };
		26F2E0A9281845B500E66B57 /* TimeZoneLocate.framework */ = {isa = PBXFileReference; explicitFileType = wrapper.framework; path = TimeZoneLocate.framework; sourceTree = BUILT_PRODUCTS_DIR; };
		26F9205E26A760E500A4F8C6 /* Animations.swift */ = {isa = PBXFileReference; lastKnownFileType = sourcecode.swift; path = Animations.swift; sourceTree = "<group>"; };
		26F9206A26A8756200A4F8C6 /* MontserratAlternates-SemiBold.ttf */ = {isa = PBXFileReference; lastKnownFileType = file; path = "MontserratAlternates-SemiBold.ttf"; sourceTree = "<group>"; };
		26FCD2572A23D2ED00A09569 /* AppEnvironment.swift */ = {isa = PBXFileReference; lastKnownFileType = sourcecode.swift; path = AppEnvironment.swift; sourceTree = "<group>"; };
/* End PBXFileReference section */

/* Begin PBXFrameworksBuildPhase section */
		262F2A3D2A4906EF00C980D3 /* Frameworks */ = {
			isa = PBXFrameworksBuildPhase;
			buildActionMask = 2147483647;
			files = (
			);
			runOnlyForDeploymentPostprocessing = 0;
		};
		26B1AFCF2678FFE500A170B3 /* Frameworks */ = {
			isa = PBXFrameworksBuildPhase;
			buildActionMask = 2147483647;
			files = (
				262712F42A61D66600E36906 /* URLImageStore in Frameworks */,
				262712FA2A61D76B00E36906 /* PushNotifications in Frameworks */,
				262712EF2A61D5B200E36906 /* StreamChatSwiftUI in Frameworks */,
				262712E32A61D50200E36906 /* FirebaseAuth in Frameworks */,
				262712EC2A61D57A00E36906 /* LoremSwiftum in Frameworks */,
				262712F72A61D6E600E36906 /* MbSwiftUIFirstResponder in Frameworks */,
				262712E92A61D50200E36906 /* FirebaseStorage in Frameworks */,
				262712F22A61D66600E36906 /* URLImage in Frameworks */,
				2684C6662A65F9800048BB4E /* SDWebImageSwiftUI in Frameworks */,
				262712E52A61D50200E36906 /* FirebaseFirestore in Frameworks */,
				262712E72A61D50200E36906 /* FirebaseFirestoreSwift in Frameworks */,
			);
			runOnlyForDeploymentPostprocessing = 0;
		};
		26B1AFE52678FFE700A170B3 /* Frameworks */ = {
			isa = PBXFrameworksBuildPhase;
			buildActionMask = 2147483647;
			files = (
			);
			runOnlyForDeploymentPostprocessing = 0;
		};
		26B1AFF02678FFE700A170B3 /* Frameworks */ = {
			isa = PBXFrameworksBuildPhase;
			buildActionMask = 2147483647;
			files = (
			);
			runOnlyForDeploymentPostprocessing = 0;
		};
/* End PBXFrameworksBuildPhase section */

/* Begin PBXGroup section */
		260135932A475B99007878BD /* ViewModifiers */ = {
			isa = PBXGroup;
			children = (
				260135942A475BBB007878BD /* PulsingModifier.swift */,
			);
			path = ViewModifiers;
			sourceTree = "<group>";
		};
		260135982A477343007878BD /* Extensions */ = {
			isa = PBXGroup;
			children = (
				260135992A477354007878BD /* Date+Extensions.swift */,
				262F2A512A4BBB2200C980D3 /* String+Extensions.swift */,
				262F2A572A4D111B00C980D3 /* Sex+Extensions.swift */,
				26C399C82A5DCFA90061F9B8 /* URL+Extensions.swift */,
				26A5FBEC2A733A0100D94476 /* Numbers+Extensions.swift */,
			);
			path = Extensions;
			sourceTree = "<group>";
		};
		2608CF4F2697522300826FDA /* Errors */ = {
			isa = PBXGroup;
			children = (
				263D6F972684012000CBBECC /* AccountErrors.swift */,
				2608CF502697529600826FDA /* GlobalErrors.swift */,
				2608CF522697C9D600826FDA /* SystemErrors.swift */,
				26D229EC2A5CDFC400BFA3BB /* OnboardingError.swift */,
			);
			path = Errors;
			sourceTree = "<group>";
		};
		260954B82A60AD4700114C56 /* SearchUsersAndFriends */ = {
			isa = PBXGroup;
			children = (
				260954B92A60AD6200114C56 /* Models */,
				260954BB2A60AD7200114C56 /* ViewModels */,
				260954BA2A60AD6700114C56 /* Views */,
			);
			path = SearchUsersAndFriends;
			sourceTree = "<group>";
		};
		260954B92A60AD6200114C56 /* Models */ = {
			isa = PBXGroup;
			children = (
				26A137CD2A5F4466003C6657 /* FriendRequest.swift */,
				260954C32A60BE6700114C56 /* UserTypeSelection.swift */,
				26D685912A6A001E0070CE79 /* SearchedUser.swift */,
			);
			path = Models;
			sourceTree = "<group>";
		};
		260954BA2A60AD6700114C56 /* Views */ = {
			isa = PBXGroup;
			children = (
				260954C02A60B4AD00114C56 /* Subviews */,
				26C399CA2A5E23340061F9B8 /* SearchAndFriendsView.swift */,
			);
			path = Views;
			sourceTree = "<group>";
		};
		260954BB2A60AD7200114C56 /* ViewModels */ = {
			isa = PBXGroup;
			children = (
				260954BC2A60ADB400114C56 /* SearchAndFriendsViewModel.swift */,
			);
			path = ViewModels;
			sourceTree = "<group>";
		};
		260954C02A60B4AD00114C56 /* Subviews */ = {
			isa = PBXGroup;
			children = (
				260954BE2A60B4A400114C56 /* SegmentedMenuView.swift */,
				260954C12A60B84000114C56 /* CustomSegmentedMenuView.swift */,
				26A5FBF02A73444D00D94476 /* UserListRowView.swift */,
			);
			path = Subviews;
			sourceTree = "<group>";
		};
		2626D2E42A21078F007F5C77 /* Models */ = {
			isa = PBXGroup;
			children = (
				262F2A622A50A98B00C980D3 /* BackgroundViewModel.swift */,
				262F2A662A520ADE00C980D3 /* AppUser */,
				26C466562A350D35000EC8BC /* Onboarding Models */,
				26C4663C2A34FE96000EC8BC /* Quizzes */,
			);
			path = Models;
			sourceTree = "<group>";
		};
		2626D2E52A210799007F5C77 /* Views */ = {
			isa = PBXGroup;
			children = (
				26C466592A352748000EC8BC /* Components */,
				260135932A475B99007878BD /* ViewModifiers */,
				262F2A592A50833000C980D3 /* SignInSignUp */,
				26C466482A34FEC0000EC8BC /* Onboarding */,
				26C466412A34FEBE000EC8BC /* RelationshipGoalsQuiz */,
			);
			path = Views;
			sourceTree = "<group>";
		};
		2627C5412A71EE3E008ED5DB /* UserProfile */ = {
			isa = PBXGroup;
			children = (
				26A5FBCC2A73220700D94476 /* Models */,
				26A5FBCB2A7320EA00D94476 /* Views */,
			);
			path = UserProfile;
			sourceTree = "<group>";
		};
		262F2A592A50833000C980D3 /* SignInSignUp */ = {
			isa = PBXGroup;
			children = (
				26B6079C26C021C900CE8491 /* SignInOrUpView.swift */,
			);
			path = SignInSignUp;
			sourceTree = "<group>";
		};
		262F2A662A520ADE00C980D3 /* AppUser */ = {
			isa = PBXGroup;
			children = (
				262F2A552A4D0F3300C980D3 /* Sex.swift */,
				2601359F2A4884A6007878BD /* Place.swift */,
				2601359D2A488496007878BD /* Birthday.swift */,
				262F2A672A521C0400C980D3 /* AppUser.swift */,
			);
			path = AppUser;
			sourceTree = "<group>";
		};
		2662ED152842D17600B0EA57 /* NearbyUsers */ = {
			isa = PBXGroup;
			children = (
				2662ED162842D17600B0EA57 /* FindNearbyUserView.swift */,
				2662ED172842D17600B0EA57 /* CustomSubViews */,
			);
			path = NearbyUsers;
			sourceTree = "<group>";
		};
		2662ED172842D17600B0EA57 /* CustomSubViews */ = {
			isa = PBXGroup;
			children = (
				2662ED182842D17600B0EA57 /* ProfileImageView.swift */,
				2662ED192842D17600B0EA57 /* PulsingView.swift */,
			);
			path = CustomSubViews;
			sourceTree = "<group>";
		};
		2684C6612A65F5590048BB4E /* CustomViews */ = {
			isa = PBXGroup;
			children = (
				2684C6622A65F8110048BB4E /* CircularProfileImageView.swift */,
			);
			path = CustomViews;
			sourceTree = "<group>";
		};
		268F26BD2680080F00FBEA7D /* UserAccount */ = {
			isa = PBXGroup;
			children = (
				263D6F992684087300CBBECC /* AmareUser.swift */,
			);
			path = UserAccount;
			sourceTree = "<group>";
		};
		26A5FBCA2A7320E000D94476 /* Subviews */ = {
			isa = PBXGroup;
			children = (
				26A5FBE92A73395A00D94476 /* NatalChartTabView */,
				26A5FBC82A7320DC00D94476 /* ImageForUserProfileView.swift */,
			);
			path = Subviews;
			sourceTree = "<group>";
		};
		26A5FBCB2A7320EA00D94476 /* Views */ = {
			isa = PBXGroup;
			children = (
				2627C5422A71EF43008ED5DB /* UserProfileView.swift */,
				26A5FBCA2A7320E000D94476 /* Subviews */,
			);
			path = Views;
			sourceTree = "<group>";
		};
		26A5FBCC2A73220700D94476 /* Models */ = {
			isa = PBXGroup;
			children = (
				26A5FBCD2A73221400D94476 /* UserProfileModel.swift */,
			);
			path = Models;
			sourceTree = "<group>";
		};
		26A5FBD02A732E4B00D94476 /* Models */ = {
			isa = PBXGroup;
			children = (
				26A5FBD12A732E4B00D94476 /* NatalChart.swift */,
				26A5FBD22A732E4B00D94476 /* Angle.swift */,
				26A5FBD32A732E4B00D94476 /* Aspect.swift */,
				26A5FBD42A732E4B00D94476 /* Element.swift */,
				26A5FBD52A732E4B00D94476 /* ZodiacSign.swift */,
				26A5FBD62A732E4B00D94476 /* Planet.swift */,
				26A5FBD72A732E4B00D94476 /* House.swift */,
			);
			path = Models;
			sourceTree = "<group>";
		};
		26A5FBE12A73326500D94476 /* NatalChart */ = {
			isa = PBXGroup;
			children = (
				26A5FBE22A73328400D94476 /* Views */,
				26A5FBD02A732E4B00D94476 /* Models */,
			);
			path = NatalChart;
			sourceTree = "<group>";
		};
		26A5FBE22A73328400D94476 /* Views */ = {
			isa = PBXGroup;
			children = (
				26A5FBE32A73329200D94476 /* Subviews */,
			);
			path = Views;
			sourceTree = "<group>";
		};
		26A5FBE32A73329200D94476 /* Subviews */ = {
			isa = PBXGroup;
			children = (
			);
			path = Subviews;
			sourceTree = "<group>";
		};
		26A5FBE92A73395A00D94476 /* NatalChartTabView */ = {
			isa = PBXGroup;
			children = (
				26A5FBE72A7334F100D94476 /* PlanetView.swift */,
				26A5FBEA2A73399100D94476 /* SunSignView.swift */,
				26A5FBEE2A733B1100D94476 /* NatalChartTabView.swift */,
			);
			path = NatalChartTabView;
			sourceTree = "<group>";
		};
		26B1AFC92678FFE500A170B3 = {
			isa = PBXGroup;
			children = (
				26B1AFD42678FFE500A170B3 /* Amare */,
				26B1AFEB2678FFE700A170B3 /* AmareTests */,
				26B1AFF62678FFE700A170B3 /* AmareUITests */,
				26B1AFD32678FFE500A170B3 /* Products */,
				805D8D6FEA81726841F9AFBC /* Pods */,
				E340F8053D8129DDE5339715 /* Frameworks */,
			);
			sourceTree = "<group>";
		};
		26B1AFD32678FFE500A170B3 /* Products */ = {
			isa = PBXGroup;
			children = (
				26B1AFD22678FFE500A170B3 /* Amare.app */,
				26B1AFE82678FFE700A170B3 /* AmareTests.xctest */,
				26B1AFF32678FFE700A170B3 /* AmareUITests.xctest */,
				262F2A402A4906EF00C980D3 /* OnboardingTests.xctest */,
			);
			name = Products;
			sourceTree = "<group>";
		};
		26B1AFD42678FFE500A170B3 /* Amare */ = {
			isa = PBXGroup;
			children = (
				26A5FBE12A73326500D94476 /* NatalChart */,
				2684C6612A65F5590048BB4E /* CustomViews */,
				2627C5412A71EE3E008ED5DB /* UserProfile */,
				260954B82A60AD4700114C56 /* SearchUsersAndFriends */,
				26970698268101B0007E7961 /* SceneDelegate.swift */,
				26B1AFD52678FFE500A170B3 /* AmareApp.swift */,
				262F2A5C2A50895100C980D3 /* ContentView.swift */,
				262F2A642A51C3CE00C980D3 /* HomeView.swift */,
				26C3EE172A4510C600CCA9E0 /* Configuration */,
				26C3EE142A44FDB700CCA9E0 /* Services */,
				26D001A327924860005E99A1 /* ViewModels */,
				2626D2E52A210799007F5C77 /* Views */,
				2626D2E42A21078F007F5C77 /* Models */,
				26B1B00F267C28CB00A170B3 /* Utilities */,
				26E10BAB28679A4E007666F9 /* Messaging */,
				2662ED152842D17600B0EA57 /* NearbyUsers */,
				26F9206926A8752200A4F8C6 /* FontResources */,
				26BBF08A267D321F00C84019 /* Amare.entitlements */,
				268F26BD2680080F00FBEA7D /* UserAccount */,
				26B1AFD92678FFE700A170B3 /* Assets.xcassets */,
				26B1AFDE2678FFE700A170B3 /* Persistence.swift */,
				26B1AFE32678FFE700A170B3 /* Info.plist */,
				263695EC269B7872006EEA79 /* GoogleService-Info.plist */,
				26B1AFE02678FFE700A170B3 /* Love.xcdatamodeld */,
				26B1AFDB2678FFE700A170B3 /* Preview Content */,
			);
			path = Amare;
			sourceTree = "<group>";
		};
		26B1AFDB2678FFE700A170B3 /* Preview Content */ = {
			isa = PBXGroup;
			children = (
				263695E9269B495F006EEA79 /* GoogleService-Info .plist */,
				26B1AFDC2678FFE700A170B3 /* Preview Assets.xcassets */,
			);
			path = "Preview Content";
			sourceTree = "<group>";
		};
		26B1AFEB2678FFE700A170B3 /* AmareTests */ = {
			isa = PBXGroup;
			children = (
				262F2A492A49077400C980D3 /* DateExtensionsTests.swift */,
				26B1AFEC2678FFE700A170B3 /* LoveTests.swift */,
				26B1AFEE2678FFE700A170B3 /* Info.plist */,
			);
			path = AmareTests;
			sourceTree = "<group>";
		};
		26B1AFF62678FFE700A170B3 /* AmareUITests */ = {
			isa = PBXGroup;
			children = (
				26B1AFF72678FFE700A170B3 /* LoveUITests.swift */,
				26B1AFF92678FFE700A170B3 /* Info.plist */,
			);
			path = AmareUITests;
			sourceTree = "<group>";
		};
		26B1B00F267C28CB00A170B3 /* Utilities */ = {
			isa = PBXGroup;
			children = (
				26C399C72A5DCEF00061F9B8 /* RandomData */,
				260135982A477343007878BD /* Extensions */,
				26B1B010267C28E000A170B3 /* Extensions.swift */,
				268F26C0268018EE00FBEA7D /* ForNavigation.swift */,
				263D6F952683F77C00CBBECC /* Location.swift */,
				2608CF45268FE27300826FDA /* ImagePickerView.swift */,
				2608CF472691425E00826FDA /* QR.swift */,
				26F9205E26A760E500A4F8C6 /* Animations.swift */,
				263FBDDF283BE4B4008F35C5 /* MathUtilities.swift */,
				26FCD2572A23D2ED00A09569 /* AppEnvironment.swift */,
			);
			path = Utilities;
			sourceTree = "<group>";
		};
		26B598D0295CC854009DEA22 /* TabView */ = {
			isa = PBXGroup;
			children = (
				26B598D1295CC8A8009DEA22 /* TabViewUI.swift */,
			);
			path = TabView;
			sourceTree = "<group>";
		};
		26C399C72A5DCEF00061F9B8 /* RandomData */ = {
			isa = PBXGroup;
			children = (
			);
			path = RandomData;
			sourceTree = "<group>";
		};
		26C3EE142A44FDB700CCA9E0 /* Services */ = {
			isa = PBXGroup;
			children = (
				2608CF4F2697522300826FDA /* Errors */,
				26C3EE152A45010300CCA9E0 /* FirestoreService.swift */,
				262F2A5A2A5086CC00C980D3 /* AuthService.swift */,
			);
			path = Services;
			sourceTree = "<group>";
		};
		26C3EE172A4510C600CCA9E0 /* Configuration */ = {
			isa = PBXGroup;
			children = (
				26C3EE182A4510D900CCA9E0 /* AppConfig.swift */,
			);
			path = Configuration;
			sourceTree = "<group>";
		};
		26C4663C2A34FE96000EC8BC /* Quizzes */ = {
			isa = PBXGroup;
			children = (
				26C4663D2A34FE96000EC8BC /* RGResponse.swift */,
				26C4663E2A34FE96000EC8BC /* RGQuizQuestion.swift */,
			);
			path = Quizzes;
			sourceTree = "<group>";
		};
		26C466412A34FEBE000EC8BC /* RelationshipGoalsQuiz */ = {
			isa = PBXGroup;
			children = (
				26C466422A34FEBE000EC8BC /* Subviews */,
				26C466472A34FEBE000EC8BC /* RGQuizView.swift */,
			);
			path = RelationshipGoalsQuiz;
			sourceTree = "<group>";
		};
		26C466422A34FEBE000EC8BC /* Subviews */ = {
			isa = PBXGroup;
			children = (
				26C466432A34FEBE000EC8BC /* QuestionView.swift */,
				26C466442A34FEBE000EC8BC /* BeginQuizBodyView.swift */,
				26C466452A34FEBE000EC8BC /* BeginQuizView.swift */,
				26C466462A34FEBE000EC8BC /* AnswerView.swift */,
			);
			path = Subviews;
			sourceTree = "<group>";
		};
		26C466482A34FEC0000EC8BC /* Onboarding */ = {
			isa = PBXGroup;
			children = (
				26C4664B2A34FEC0000EC8BC /* OnboardingSignUpView.swift */,
				26AF20E526CF458E00D99F36 /* InputPhoneNumber.swift */,
				268E542726DCEC6400E61F40 /* InputVerificationCode.swift */,
				26C4664A2A34FEC0000EC8BC /* InputNameView.swift */,
				2601359B2A485A7F007878BD /* InputHomeCityView.swift */,
				2642B7722A467F3F009DD789 /* BirthdayInputView.swift */,
				260135962A476191007878BD /* BirthtimeInputView.swift */,
				262F2A532A4D05B700C980D3 /* GenderInputView.swift */,
				262F2A4F2A4BB9C600C980D3 /* IntentionInputView.swift */,
				26C466492A34FEC0000EC8BC /* UsernameInputView.swift */,
			);
			path = Onboarding;
			sourceTree = "<group>";
		};
		26C466562A350D35000EC8BC /* Onboarding Models */ = {
			isa = PBXGroup;
			children = (
				26C466572A350D4B000EC8BC /* OnboardingScreen.swift */,
			);
			path = "Onboarding Models";
			sourceTree = "<group>";
		};
		26C466592A352748000EC8BC /* Components */ = {
			isa = PBXGroup;
			children = (
				26B598D0295CC854009DEA22 /* TabView */,
				262F2A602A50A8C000C980D3 /* Background.swift */,
				26C4665A2A35276A000EC8BC /* ProgressBarView.swift */,
				2601358F2A475979007878BD /* UsernameAvailabilityView.swift */,
				260135912A475B4A007878BD /* NextButtonView.swift */,
				262F2A4D2A4A38D400C980D3 /* TileView.swift */,
			);
			path = Components;
			sourceTree = "<group>";
		};
		26D001A327924860005E99A1 /* ViewModels */ = {
			isa = PBXGroup;
			children = (
				26A0B9DA2A24F88A00DCAB5F /* RGQuizViewModel.swift */,
				26C466542A34FEDF000EC8BC /* OnboardingViewModel.swift */,
			);
			path = ViewModels;
			sourceTree = "<group>";
		};
		26E10BAB28679A4E007666F9 /* Messaging */ = {
			isa = PBXGroup;
			children = (
				26E10BAC28679A6D007666F9 /* MessagesChannelListTopView.swift */,
			);
			path = Messaging;
			sourceTree = "<group>";
		};
		26F9206926A8752200A4F8C6 /* FontResources */ = {
			isa = PBXGroup;
			children = (
				26F9206A26A8756200A4F8C6 /* MontserratAlternates-SemiBold.ttf */,
			);
			path = FontResources;
			sourceTree = "<group>";
		};
		805D8D6FEA81726841F9AFBC /* Pods */ = {
			isa = PBXGroup;
			children = (
			);
			path = Pods;
			sourceTree = "<group>";
		};
		E340F8053D8129DDE5339715 /* Frameworks */ = {
			isa = PBXGroup;
			children = (
				26F2E0A9281845B500E66B57 /* TimeZoneLocate.framework */,
			);
			name = Frameworks;
			sourceTree = "<group>";
		};
/* End PBXGroup section */

/* Begin PBXNativeTarget section */
		262F2A3F2A4906EF00C980D3 /* OnboardingTests */ = {
			isa = PBXNativeTarget;
			buildConfigurationList = 262F2A482A4906EF00C980D3 /* Build configuration list for PBXNativeTarget "OnboardingTests" */;
			buildPhases = (
				262F2A3C2A4906EF00C980D3 /* Sources */,
				262F2A3D2A4906EF00C980D3 /* Frameworks */,
				262F2A3E2A4906EF00C980D3 /* Resources */,
			);
			buildRules = (
			);
			dependencies = (
				262F2A452A4906EF00C980D3 /* PBXTargetDependency */,
			);
			name = OnboardingTests;
			productName = OnboardingTests;
			productReference = 262F2A402A4906EF00C980D3 /* OnboardingTests.xctest */;
			productType = "com.apple.product-type.bundle.unit-test";
		};
		26B1AFD12678FFE500A170B3 /* Amare */ = {
			isa = PBXNativeTarget;
			buildConfigurationList = 26B1AFFC2678FFE700A170B3 /* Build configuration list for PBXNativeTarget "Amare" */;
			buildPhases = (
				26B1AFCE2678FFE500A170B3 /* Sources */,
				26B1AFCF2678FFE500A170B3 /* Frameworks */,
				26B1AFD02678FFE500A170B3 /* Resources */,
			);
			buildRules = (
			);
			dependencies = (
			);
			name = Amare;
			packageProductDependencies = (
				262712E22A61D50200E36906 /* FirebaseAuth */,
				262712E42A61D50200E36906 /* FirebaseFirestore */,
				262712E62A61D50200E36906 /* FirebaseFirestoreSwift */,
				262712E82A61D50200E36906 /* FirebaseStorage */,
				262712EB2A61D57A00E36906 /* LoremSwiftum */,
				262712EE2A61D5B200E36906 /* StreamChatSwiftUI */,
				262712F12A61D66600E36906 /* URLImage */,
				262712F32A61D66600E36906 /* URLImageStore */,
				262712F62A61D6E600E36906 /* MbSwiftUIFirstResponder */,
				262712F92A61D76B00E36906 /* PushNotifications */,
				2684C6652A65F9800048BB4E /* SDWebImageSwiftUI */,
			);
			productName = Love;
			productReference = 26B1AFD22678FFE500A170B3 /* Amare.app */;
			productType = "com.apple.product-type.application";
		};
		26B1AFE72678FFE700A170B3 /* AmareTests */ = {
			isa = PBXNativeTarget;
			buildConfigurationList = 26B1AFFF2678FFE700A170B3 /* Build configuration list for PBXNativeTarget "AmareTests" */;
			buildPhases = (
				26B1AFE42678FFE700A170B3 /* Sources */,
				26B1AFE52678FFE700A170B3 /* Frameworks */,
				26B1AFE62678FFE700A170B3 /* Resources */,
			);
			buildRules = (
			);
			dependencies = (
				26B1AFEA2678FFE700A170B3 /* PBXTargetDependency */,
			);
			name = AmareTests;
			productName = LoveTests;
			productReference = 26B1AFE82678FFE700A170B3 /* AmareTests.xctest */;
			productType = "com.apple.product-type.bundle.unit-test";
		};
		26B1AFF22678FFE700A170B3 /* AmareUITests */ = {
			isa = PBXNativeTarget;
			buildConfigurationList = 26B1B0022678FFE700A170B3 /* Build configuration list for PBXNativeTarget "AmareUITests" */;
			buildPhases = (
				26B1AFEF2678FFE700A170B3 /* Sources */,
				26B1AFF02678FFE700A170B3 /* Frameworks */,
				26B1AFF12678FFE700A170B3 /* Resources */,
			);
			buildRules = (
			);
			dependencies = (
				26B1AFF52678FFE700A170B3 /* PBXTargetDependency */,
			);
			name = AmareUITests;
			productName = LoveUITests;
			productReference = 26B1AFF32678FFE700A170B3 /* AmareUITests.xctest */;
			productType = "com.apple.product-type.bundle.ui-testing";
		};
/* End PBXNativeTarget section */

/* Begin PBXProject section */
		26B1AFCA2678FFE500A170B3 /* Project object */ = {
			isa = PBXProject;
			attributes = {
				BuildIndependentTargetsInParallel = YES;
				LastSwiftUpdateCheck = 1420;
				LastUpgradeCheck = 1500;
				TargetAttributes = {
					262F2A3F2A4906EF00C980D3 = {
						CreatedOnToolsVersion = 14.2;
						TestTargetID = 26B1AFD12678FFE500A170B3;
					};
					26B1AFD12678FFE500A170B3 = {
						CreatedOnToolsVersion = 12.5;
					};
					26B1AFE72678FFE700A170B3 = {
						CreatedOnToolsVersion = 12.5;
						TestTargetID = 26B1AFD12678FFE500A170B3;
					};
					26B1AFF22678FFE700A170B3 = {
						CreatedOnToolsVersion = 12.5;
						TestTargetID = 26B1AFD12678FFE500A170B3;
					};
				};
			};
			buildConfigurationList = 26B1AFCD2678FFE500A170B3 /* Build configuration list for PBXProject "Amare" */;
			compatibilityVersion = "Xcode 9.3";
			developmentRegion = en;
			hasScannedForEncodings = 0;
			knownRegions = (
				en,
				Base,
			);
			mainGroup = 26B1AFC92678FFE500A170B3;
			packageReferences = (
				2603B0B928380141003ED2AB /* XCRemoteSwiftPackageReference "url-image" */,
				2603B0C3283802A9003ED2AB /* XCRemoteSwiftPackageReference "push-notifications-swift" */,
				2603B0C62838033F003ED2AB /* XCRemoteSwiftPackageReference "PopupView" */,
				2603B0C9283803B1003ED2AB /* XCRemoteSwiftPackageReference "MbSwiftUIFirstResponder" */,
				2696FAB628381B0D00584768 /* XCRemoteSwiftPackageReference "SPIndicator" */,
				2696FAB928381CFD00584768 /* XCRemoteSwiftPackageReference "SwiftUI-Shimmer" */,
				2696FABC28381D6F00584768 /* XCRemoteSwiftPackageReference "UICircularProgressRing" */,
				2696FABF28381DD800584768 /* XCRemoteSwiftPackageReference "swiftui-vertical-tab-view" */,
				2696FAC228381EB200584768 /* XCRemoteSwiftPackageReference "SkeletonUI" */,
				2696FAC52838202400584768 /* XCRemoteSwiftPackageReference "SPConfetti" */,
				2696FADF2838327F00584768 /* XCRemoteSwiftPackageReference "MultipeerKit" */,
				26E10BA8285A389D007666F9 /* XCRemoteSwiftPackageReference "stream-chat-swiftui" */,
				26E10BAE2867B196007666F9 /* XCRemoteSwiftPackageReference "LoremSwiftum" */,
				2678DD8328B04DDF009A057C /* XCRemoteSwiftPackageReference "swiftui-navigation-stack" */,
				26B598D5295D103F009DEA22 /* XCRemoteSwiftPackageReference "BottomSheet" */,
				262712D82A61BE4700E36906 /* XCRemoteSwiftPackageReference "firebase-ios-sdk" */,
				262712E12A61D50200E36906 /* XCRemoteSwiftPackageReference "firebase-ios-sdk" */,
				262712EA2A61D57A00E36906 /* XCRemoteSwiftPackageReference "LoremSwiftum" */,
				262712ED2A61D5B200E36906 /* XCRemoteSwiftPackageReference "stream-chat-swiftui" */,
				262712F02A61D66600E36906 /* XCRemoteSwiftPackageReference "url-image" */,
				262712F52A61D6E500E36906 /* XCRemoteSwiftPackageReference "MbSwiftUIFirstResponder" */,
				262712F82A61D76B00E36906 /* XCRemoteSwiftPackageReference "push-notifications-swift" */,
				2684C6642A65F97F0048BB4E /* XCRemoteSwiftPackageReference "SDWebImageSwiftUI" */,
			);
			productRefGroup = 26B1AFD32678FFE500A170B3 /* Products */;
			projectDirPath = "";
			projectRoot = "";
			targets = (
				26B1AFD12678FFE500A170B3 /* Amare */,
				26B1AFE72678FFE700A170B3 /* AmareTests */,
				26B1AFF22678FFE700A170B3 /* AmareUITests */,
				262F2A3F2A4906EF00C980D3 /* OnboardingTests */,
			);
		};
/* End PBXProject section */

/* Begin PBXResourcesBuildPhase section */
		262F2A3E2A4906EF00C980D3 /* Resources */ = {
			isa = PBXResourcesBuildPhase;
			buildActionMask = 2147483647;
			files = (
			);
			runOnlyForDeploymentPostprocessing = 0;
		};
		26B1AFD02678FFE500A170B3 /* Resources */ = {
			isa = PBXResourcesBuildPhase;
			buildActionMask = 2147483647;
			files = (
				26B1AFDD2678FFE700A170B3 /* Preview Assets.xcassets in Resources */,
				26F9206B26A8756200A4F8C6 /* MontserratAlternates-SemiBold.ttf in Resources */,
				26B1AFDA2678FFE700A170B3 /* Assets.xcassets in Resources */,
				263695ED269B7872006EEA79 /* GoogleService-Info.plist in Resources */,
			);
			runOnlyForDeploymentPostprocessing = 0;
		};
		26B1AFE62678FFE700A170B3 /* Resources */ = {
			isa = PBXResourcesBuildPhase;
			buildActionMask = 2147483647;
			files = (
				263695EE269B7872006EEA79 /* GoogleService-Info.plist in Resources */,
				26F9206C26A8756200A4F8C6 /* MontserratAlternates-SemiBold.ttf in Resources */,
			);
			runOnlyForDeploymentPostprocessing = 0;
		};
		26B1AFF12678FFE700A170B3 /* Resources */ = {
			isa = PBXResourcesBuildPhase;
			buildActionMask = 2147483647;
			files = (
				263695EF269B7872006EEA79 /* GoogleService-Info.plist in Resources */,
				26F9206D26A8756200A4F8C6 /* MontserratAlternates-SemiBold.ttf in Resources */,
			);
			runOnlyForDeploymentPostprocessing = 0;
		};
/* End PBXResourcesBuildPhase section */

/* Begin PBXSourcesBuildPhase section */
		262F2A3C2A4906EF00C980D3 /* Sources */ = {
			isa = PBXSourcesBuildPhase;
			buildActionMask = 2147483647;
			files = (
				262F2A4B2A491AC100C980D3 /* Date+Extensions.swift in Sources */,
			);
			runOnlyForDeploymentPostprocessing = 0;
		};
		26B1AFCE2678FFE500A170B3 /* Sources */ = {
			isa = PBXSourcesBuildPhase;
			buildActionMask = 2147483647;
			files = (
				262F2A632A50A98B00C980D3 /* BackgroundViewModel.swift in Sources */,
				260954C42A60BE6700114C56 /* UserTypeSelection.swift in Sources */,
				26A5FBDC2A732E4C00D94476 /* ZodiacSign.swift in Sources */,
				262F2A682A521C0400C980D3 /* AppUser.swift in Sources */,
				26B1AFDF2678FFE700A170B3 /* Persistence.swift in Sources */,
				2608CF512697529600826FDA /* GlobalErrors.swift in Sources */,
				262F2A5D2A50895100C980D3 /* ContentView.swift in Sources */,
				263D6F982684012000CBBECC /* AccountErrors.swift in Sources */,
				262F2A562A4D0F3300C980D3 /* Sex.swift in Sources */,
				2608CF46268FE27300826FDA /* ImagePickerView.swift in Sources */,
				262F2A612A50A8C000C980D3 /* Background.swift in Sources */,
				2608CF532697C9D600826FDA /* SystemErrors.swift in Sources */,
				26C4665B2A35276A000EC8BC /* ProgressBarView.swift in Sources */,
				26A5FBDE2A732E4C00D94476 /* House.swift in Sources */,
				26C466512A34FEC0000EC8BC /* UsernameInputView.swift in Sources */,
				2601359C2A485A7F007878BD /* InputHomeCityView.swift in Sources */,
				26A5FBDA2A732E4C00D94476 /* Aspect.swift in Sources */,
				2662ED1C2842D17600B0EA57 /* PulsingView.swift in Sources */,
				263D6F9A2684087300CBBECC /* AmareUser.swift in Sources */,
				260954BD2A60ADB400114C56 /* SearchAndFriendsViewModel.swift in Sources */,
				26B6079D26C021C900CE8491 /* SignInOrUpView.swift in Sources */,
				26C3EE192A4510D900CCA9E0 /* AppConfig.swift in Sources */,
				2627C5432A71EF43008ED5DB /* UserProfileView.swift in Sources */,
				26C4664D2A34FEC0000EC8BC /* BeginQuizBodyView.swift in Sources */,
				26B1B011267C28E000A170B3 /* Extensions.swift in Sources */,
				26A5FBC92A7320DC00D94476 /* ImageForUserProfileView.swift in Sources */,
				26C4664E2A34FEC0000EC8BC /* BeginQuizView.swift in Sources */,
				26A5FBD82A732E4C00D94476 /* NatalChart.swift in Sources */,
				2662ED1A2842D17600B0EA57 /* FindNearbyUserView.swift in Sources */,
				260135A02A4884A6007878BD /* Place.swift in Sources */,
				26C466582A350D4B000EC8BC /* OnboardingScreen.swift in Sources */,
				26D229ED2A5CDFC500BFA3BB /* OnboardingError.swift in Sources */,
				263D6F962683F77C00CBBECC /* Location.swift in Sources */,
				26970699268101B0007E7961 /* SceneDelegate.swift in Sources */,
				26A5FBE82A7334F100D94476 /* PlanetView.swift in Sources */,
				26C466402A34FE96000EC8BC /* RGQuizQuestion.swift in Sources */,
				2642B7732A467F3F009DD789 /* BirthdayInputView.swift in Sources */,
				268E542826DCEC6400E61F40 /* InputVerificationCode.swift in Sources */,
				262F2A4E2A4A38D400C980D3 /* TileView.swift in Sources */,
				26A0B9DB2A24F88A00DCAB5F /* RGQuizViewModel.swift in Sources */,
				262F2A652A51C3CE00C980D3 /* HomeView.swift in Sources */,
				262F2A502A4BB9C600C980D3 /* IntentionInputView.swift in Sources */,
				260135922A475B4A007878BD /* NextButtonView.swift in Sources */,
				2601359A2A477354007878BD /* Date+Extensions.swift in Sources */,
				26FCD2582A23D2ED00A09569 /* AppEnvironment.swift in Sources */,
				260135902A47597A007878BD /* UsernameAvailabilityView.swift in Sources */,
				260954BF2A60B4A400114C56 /* SegmentedMenuView.swift in Sources */,
				26A137CE2A5F4466003C6657 /* FriendRequest.swift in Sources */,
				26F9205F26A760E500A4F8C6 /* Animations.swift in Sources */,
				26B1AFD62678FFE500A170B3 /* AmareApp.swift in Sources */,
				262F2A522A4BBB2200C980D3 /* String+Extensions.swift in Sources */,
				260954C22A60B84000114C56 /* CustomSegmentedMenuView.swift in Sources */,
				26B598D2295CC8A8009DEA22 /* TabViewUI.swift in Sources */,
				26A5FBEB2A73399100D94476 /* SunSignView.swift in Sources */,
				260135952A475BBB007878BD /* PulsingModifier.swift in Sources */,
				26C466522A34FEC0000EC8BC /* InputNameView.swift in Sources */,
				262F2A582A4D111B00C980D3 /* Sex+Extensions.swift in Sources */,
				2684C6632A65F8110048BB4E /* CircularProfileImageView.swift in Sources */,
				26D685922A6A001E0070CE79 /* SearchedUser.swift in Sources */,
				26C4664F2A34FEC0000EC8BC /* AnswerView.swift in Sources */,
				26A5FBEF2A733B1100D94476 /* NatalChartTabView.swift in Sources */,
				26C399C92A5DCFA90061F9B8 /* URL+Extensions.swift in Sources */,
				26C466532A34FEC0000EC8BC /* OnboardingSignUpView.swift in Sources */,
				26A5FBDD2A732E4C00D94476 /* Planet.swift in Sources */,
				26C4664C2A34FEC0000EC8BC /* QuestionView.swift in Sources */,
				26C4663F2A34FE96000EC8BC /* RGResponse.swift in Sources */,
				26B1AFE22678FFE700A170B3 /* Love.xcdatamodeld in Sources */,
				26E10BAD28679A6E007666F9 /* MessagesChannelListTopView.swift in Sources */,
				26A5FBCE2A73221400D94476 /* UserProfileModel.swift in Sources */,
				268F26C1268018EE00FBEA7D /* ForNavigation.swift in Sources */,
				2608CF482691425E00826FDA /* QR.swift in Sources */,
				260135972A476191007878BD /* BirthtimeInputView.swift in Sources */,
				26C399CB2A5E23350061F9B8 /* SearchAndFriendsView.swift in Sources */,
				262F2A5B2A5086CC00C980D3 /* AuthService.swift in Sources */,
				26A5FBDB2A732E4C00D94476 /* Element.swift in Sources */,
				26C3EE162A45010300CCA9E0 /* FirestoreService.swift in Sources */,
				2601359E2A488496007878BD /* Birthday.swift in Sources */,
				263FBDE0283BE4B4008F35C5 /* MathUtilities.swift in Sources */,
				26C466502A34FEC0000EC8BC /* RGQuizView.swift in Sources */,
				26A5FBF12A73444D00D94476 /* UserListRowView.swift in Sources */,
				26A5FBED2A733A0100D94476 /* Numbers+Extensions.swift in Sources */,
				26C466552A34FEE0000EC8BC /* OnboardingViewModel.swift in Sources */,
				2662ED1B2842D17600B0EA57 /* ProfileImageView.swift in Sources */,
				26A5FBD92A732E4C00D94476 /* Angle.swift in Sources */,
				262F2A542A4D05B700C980D3 /* GenderInputView.swift in Sources */,
				26AF20E626CF458E00D99F36 /* InputPhoneNumber.swift in Sources */,
			);
			runOnlyForDeploymentPostprocessing = 0;
		};
		26B1AFE42678FFE700A170B3 /* Sources */ = {
			isa = PBXSourcesBuildPhase;
			buildActionMask = 2147483647;
			files = (
				26B1AFED2678FFE700A170B3 /* LoveTests.swift in Sources */,
				262F2A4C2A491B4E00C980D3 /* DateExtensionsTests.swift in Sources */,
			);
			runOnlyForDeploymentPostprocessing = 0;
		};
		26B1AFEF2678FFE700A170B3 /* Sources */ = {
			isa = PBXSourcesBuildPhase;
			buildActionMask = 2147483647;
			files = (
				26B1AFF82678FFE700A170B3 /* LoveUITests.swift in Sources */,
			);
			runOnlyForDeploymentPostprocessing = 0;
		};
/* End PBXSourcesBuildPhase section */

/* Begin PBXTargetDependency section */
		262F2A452A4906EF00C980D3 /* PBXTargetDependency */ = {
			isa = PBXTargetDependency;
			target = 26B1AFD12678FFE500A170B3 /* Amare */;
			targetProxy = 262F2A442A4906EF00C980D3 /* PBXContainerItemProxy */;
		};
		26B1AFEA2678FFE700A170B3 /* PBXTargetDependency */ = {
			isa = PBXTargetDependency;
			target = 26B1AFD12678FFE500A170B3 /* Amare */;
			targetProxy = 26B1AFE92678FFE700A170B3 /* PBXContainerItemProxy */;
		};
		26B1AFF52678FFE700A170B3 /* PBXTargetDependency */ = {
			isa = PBXTargetDependency;
			target = 26B1AFD12678FFE500A170B3 /* Amare */;
			targetProxy = 26B1AFF42678FFE700A170B3 /* PBXContainerItemProxy */;
		};
/* End PBXTargetDependency section */

/* Begin XCBuildConfiguration section */
		262F2A462A4906EF00C980D3 /* Debug */ = {
			isa = XCBuildConfiguration;
			buildSettings = {
				BUNDLE_LOADER = "$(TEST_HOST)";
				CLANG_CXX_LANGUAGE_STANDARD = "gnu++20";
				CODE_SIGN_STYLE = Automatic;
				CURRENT_PROJECT_VERSION = 1;
				DEVELOPMENT_TEAM = HGQ8Q53DV8;
				GCC_OPTIMIZATION_LEVEL = 0;
				GENERATE_INFOPLIST_FILE = YES;
				IPHONEOS_DEPLOYMENT_TARGET = 16.2;
				MARKETING_VERSION = 1.0;
				PRODUCT_BUNDLE_IDENTIFIER = findamare.com.OnboardingTests;
				PRODUCT_NAME = "$(TARGET_NAME)";
				SWIFT_EMIT_LOC_STRINGS = NO;
				SWIFT_VERSION = 5.0;
				TARGETED_DEVICE_FAMILY = "1,2";
				TEST_HOST = "$(BUILT_PRODUCTS_DIR)/Amare.app/$(BUNDLE_EXECUTABLE_FOLDER_PATH)/Amare";
			};
			name = Debug;
		};
		262F2A472A4906EF00C980D3 /* Release */ = {
			isa = XCBuildConfiguration;
			buildSettings = {
				BUNDLE_LOADER = "$(TEST_HOST)";
				CLANG_CXX_LANGUAGE_STANDARD = "gnu++20";
				CODE_SIGN_STYLE = Automatic;
				CURRENT_PROJECT_VERSION = 1;
				DEVELOPMENT_TEAM = HGQ8Q53DV8;
				GENERATE_INFOPLIST_FILE = YES;
				IPHONEOS_DEPLOYMENT_TARGET = 16.2;
				MARKETING_VERSION = 1.0;
				PRODUCT_BUNDLE_IDENTIFIER = findamare.com.OnboardingTests;
				PRODUCT_NAME = "$(TARGET_NAME)";
				SWIFT_EMIT_LOC_STRINGS = NO;
				SWIFT_OPTIMIZATION_LEVEL = "-O";
				SWIFT_VERSION = 5.0;
				TARGETED_DEVICE_FAMILY = "1,2";
				TEST_HOST = "$(BUILT_PRODUCTS_DIR)/Amare.app/$(BUNDLE_EXECUTABLE_FOLDER_PATH)/Amare";
			};
			name = Release;
		};
		26B1AFFA2678FFE700A170B3 /* Debug */ = {
			isa = XCBuildConfiguration;
			buildSettings = {
				ALWAYS_SEARCH_USER_PATHS = NO;
				CLANG_ANALYZER_NONNULL = YES;
				CLANG_ANALYZER_NUMBER_OBJECT_CONVERSION = YES_AGGRESSIVE;
				CLANG_CXX_LANGUAGE_STANDARD = "gnu++14";
				CLANG_CXX_LIBRARY = "libc++";
				CLANG_ENABLE_MODULES = YES;
				CLANG_ENABLE_OBJC_ARC = YES;
				CLANG_ENABLE_OBJC_WEAK = YES;
				CLANG_WARN_BLOCK_CAPTURE_AUTORELEASING = YES;
				CLANG_WARN_BOOL_CONVERSION = YES;
				CLANG_WARN_COMMA = YES;
				CLANG_WARN_CONSTANT_CONVERSION = YES;
				CLANG_WARN_DEPRECATED_OBJC_IMPLEMENTATIONS = YES;
				CLANG_WARN_DIRECT_OBJC_ISA_USAGE = YES_ERROR;
				CLANG_WARN_DOCUMENTATION_COMMENTS = YES;
				CLANG_WARN_EMPTY_BODY = YES;
				CLANG_WARN_ENUM_CONVERSION = YES;
				CLANG_WARN_INFINITE_RECURSION = YES;
				CLANG_WARN_INT_CONVERSION = YES;
				CLANG_WARN_NON_LITERAL_NULL_CONVERSION = YES;
				CLANG_WARN_OBJC_IMPLICIT_RETAIN_SELF = YES;
				CLANG_WARN_OBJC_LITERAL_CONVERSION = YES;
				CLANG_WARN_OBJC_ROOT_CLASS = YES_ERROR;
				CLANG_WARN_QUOTED_INCLUDE_IN_FRAMEWORK_HEADER = YES;
				CLANG_WARN_RANGE_LOOP_ANALYSIS = YES;
				CLANG_WARN_STRICT_PROTOTYPES = YES;
				CLANG_WARN_SUSPICIOUS_MOVE = YES;
				CLANG_WARN_UNGUARDED_AVAILABILITY = YES_AGGRESSIVE;
				CLANG_WARN_UNREACHABLE_CODE = YES;
				CLANG_WARN__DUPLICATE_METHOD_MATCH = YES;
				COPY_PHASE_STRIP = NO;
				DEBUG_INFORMATION_FORMAT = dwarf;
				ENABLE_STRICT_OBJC_MSGSEND = YES;
				ENABLE_TESTABILITY = YES;
				ENABLE_USER_SCRIPT_SANDBOXING = YES;
				EXCLUDED_ARCHS = "";
				"EXCLUDED_ARCHS[sdk=iphonesimulator*]" = arm64;
				GCC_C_LANGUAGE_STANDARD = gnu11;
				GCC_DYNAMIC_NO_PIC = NO;
				GCC_NO_COMMON_BLOCKS = YES;
				GCC_OPTIMIZATION_LEVEL = fast;
				GCC_PREPROCESSOR_DEFINITIONS = (
					"DEBUG=1",
					"$(inherited)",
				);
				GCC_WARN_64_TO_32_BIT_CONVERSION = YES;
				GCC_WARN_ABOUT_RETURN_TYPE = YES_ERROR;
				GCC_WARN_UNDECLARED_SELECTOR = YES;
				GCC_WARN_UNINITIALIZED_AUTOS = YES_AGGRESSIVE;
				GCC_WARN_UNUSED_FUNCTION = YES;
				GCC_WARN_UNUSED_VARIABLE = YES;
				IPHONEOS_DEPLOYMENT_TARGET = 15.0;
				MTL_ENABLE_DEBUG_INFO = INCLUDE_SOURCE;
				MTL_FAST_MATH = YES;
				ONLY_ACTIVE_ARCH = YES;
				SDKROOT = iphoneos;
				SWIFT_ACTIVE_COMPILATION_CONDITIONS = DEBUG;
				SWIFT_COMPILATION_MODE = singlefile;
				SWIFT_OPTIMIZATION_LEVEL = "-Onone";
			};
			name = Debug;
		};
		26B1AFFB2678FFE700A170B3 /* Release */ = {
			isa = XCBuildConfiguration;
			buildSettings = {
				ALWAYS_SEARCH_USER_PATHS = NO;
				CLANG_ANALYZER_NONNULL = YES;
				CLANG_ANALYZER_NUMBER_OBJECT_CONVERSION = YES_AGGRESSIVE;
				CLANG_CXX_LANGUAGE_STANDARD = "gnu++14";
				CLANG_CXX_LIBRARY = "libc++";
				CLANG_ENABLE_MODULES = YES;
				CLANG_ENABLE_OBJC_ARC = YES;
				CLANG_ENABLE_OBJC_WEAK = YES;
				CLANG_WARN_BLOCK_CAPTURE_AUTORELEASING = YES;
				CLANG_WARN_BOOL_CONVERSION = YES;
				CLANG_WARN_COMMA = YES;
				CLANG_WARN_CONSTANT_CONVERSION = YES;
				CLANG_WARN_DEPRECATED_OBJC_IMPLEMENTATIONS = YES;
				CLANG_WARN_DIRECT_OBJC_ISA_USAGE = YES_ERROR;
				CLANG_WARN_DOCUMENTATION_COMMENTS = YES;
				CLANG_WARN_EMPTY_BODY = YES;
				CLANG_WARN_ENUM_CONVERSION = YES;
				CLANG_WARN_INFINITE_RECURSION = YES;
				CLANG_WARN_INT_CONVERSION = YES;
				CLANG_WARN_NON_LITERAL_NULL_CONVERSION = YES;
				CLANG_WARN_OBJC_IMPLICIT_RETAIN_SELF = YES;
				CLANG_WARN_OBJC_LITERAL_CONVERSION = YES;
				CLANG_WARN_OBJC_ROOT_CLASS = YES_ERROR;
				CLANG_WARN_QUOTED_INCLUDE_IN_FRAMEWORK_HEADER = YES;
				CLANG_WARN_RANGE_LOOP_ANALYSIS = YES;
				CLANG_WARN_STRICT_PROTOTYPES = YES;
				CLANG_WARN_SUSPICIOUS_MOVE = YES;
				CLANG_WARN_UNGUARDED_AVAILABILITY = YES_AGGRESSIVE;
				CLANG_WARN_UNREACHABLE_CODE = YES;
				CLANG_WARN__DUPLICATE_METHOD_MATCH = YES;
				COPY_PHASE_STRIP = NO;
				DEBUG_INFORMATION_FORMAT = "dwarf-with-dsym";
				ENABLE_NS_ASSERTIONS = NO;
				ENABLE_STRICT_OBJC_MSGSEND = YES;
				ENABLE_USER_SCRIPT_SANDBOXING = YES;
				EXCLUDED_ARCHS = "";
				"EXCLUDED_ARCHS[sdk=iphonesimulator*]" = arm64;
				GCC_C_LANGUAGE_STANDARD = gnu11;
				GCC_NO_COMMON_BLOCKS = YES;
				GCC_OPTIMIZATION_LEVEL = fast;
				GCC_WARN_64_TO_32_BIT_CONVERSION = YES;
				GCC_WARN_ABOUT_RETURN_TYPE = YES_ERROR;
				GCC_WARN_UNDECLARED_SELECTOR = YES;
				GCC_WARN_UNINITIALIZED_AUTOS = YES_AGGRESSIVE;
				GCC_WARN_UNUSED_FUNCTION = YES;
				GCC_WARN_UNUSED_VARIABLE = YES;
				IPHONEOS_DEPLOYMENT_TARGET = 15.0;
				MTL_ENABLE_DEBUG_INFO = NO;
				MTL_FAST_MATH = YES;
				ONLY_ACTIVE_ARCH = NO;
				SDKROOT = iphoneos;
				SWIFT_OPTIMIZATION_LEVEL = "-Onone";
				VALIDATE_PRODUCT = YES;
			};
			name = Release;
		};
		26B1AFFD2678FFE700A170B3 /* Debug */ = {
			isa = XCBuildConfiguration;
			buildSettings = {
				ASSETCATALOG_COMPILER_APPICON_NAME = AppIcon;
				ASSETCATALOG_COMPILER_GLOBAL_ACCENT_COLOR_NAME = AccentColor;
				ASSETCATALOG_COMPILER_INCLUDE_ALL_APPICON_ASSETS = YES;
				CODE_SIGN_ENTITLEMENTS = Amare/Amare.entitlements;
				CODE_SIGN_STYLE = Automatic;
				CURRENT_PROJECT_VERSION = 26;
				DEVELOPMENT_ASSET_PATHS = "\"Amare/Preview Content\"";
				DEVELOPMENT_TEAM = HGQ8Q53DV8;
				ENABLE_PREVIEWS = YES;
				EXCLUDED_ARCHS = "";
				INFOPLIST_FILE = Amare/Info.plist;
				INFOPLIST_KEY_CFBundleDisplayName = "Amāre";
				INFOPLIST_KEY_LSApplicationCategoryType = "public.app-category.social-networking";
				IPHONEOS_DEPLOYMENT_TARGET = 16.0;
				LD_RUNPATH_SEARCH_PATHS = (
					"$(inherited)",
					"@executable_path/Frameworks",
				);
				MARKETING_VERSION = 0.0.4;
				ONLY_ACTIVE_ARCH = YES;
				OTHER_LDFLAGS = "$(inherited)";
				PRODUCT_BUNDLE_IDENTIFIER = app.amare;
				PRODUCT_NAME = "$(TARGET_NAME)";
				SWIFT_VERSION = 5.0;
				TARGETED_DEVICE_FAMILY = "1,2";
				VALID_ARCHS = "$(ARCHS_STANDARD) x86_64 i386";
			};
			name = Debug;
		};
		26B1AFFE2678FFE700A170B3 /* Release */ = {
			isa = XCBuildConfiguration;
			buildSettings = {
				ARCHS = "$(ARCHS_STANDARD)";
				ASSETCATALOG_COMPILER_APPICON_NAME = AppIcon;
				ASSETCATALOG_COMPILER_GLOBAL_ACCENT_COLOR_NAME = AccentColor;
				ASSETCATALOG_COMPILER_INCLUDE_ALL_APPICON_ASSETS = YES;
				CODE_SIGN_ENTITLEMENTS = Amare/Amare.entitlements;
				CODE_SIGN_STYLE = Automatic;
				CURRENT_PROJECT_VERSION = 26;
				DEVELOPMENT_ASSET_PATHS = "\"Amare/Preview Content\"";
				DEVELOPMENT_TEAM = HGQ8Q53DV8;
				ENABLE_PREVIEWS = YES;
				EXCLUDED_ARCHS = "";
				INFOPLIST_FILE = Amare/Info.plist;
				INFOPLIST_KEY_CFBundleDisplayName = "Amāre";
				INFOPLIST_KEY_LSApplicationCategoryType = "public.app-category.social-networking";
				IPHONEOS_DEPLOYMENT_TARGET = 16.0;
				LD_RUNPATH_SEARCH_PATHS = (
					"$(inherited)",
					"@executable_path/Frameworks",
				);
				MARKETING_VERSION = 0.0.4;
				ONLY_ACTIVE_ARCH = YES;
				OTHER_LDFLAGS = "$(inherited)";
				PRODUCT_BUNDLE_IDENTIFIER = app.amare;
				PRODUCT_NAME = "$(TARGET_NAME)";
				SWIFT_VERSION = 5.0;
				TARGETED_DEVICE_FAMILY = "1,2";
				VALID_ARCHS = "$(ARCHS_STANDARD) x86_64 i386";
			};
			name = Release;
		};
		26B1B0002678FFE700A170B3 /* Debug */ = {
			isa = XCBuildConfiguration;
			buildSettings = {
				BUNDLE_LOADER = "$(TEST_HOST)";
				CODE_SIGN_STYLE = Automatic;
				DEVELOPMENT_TEAM = HGQ8Q53DV8;
				INFOPLIST_FILE = AmareTests/Info.plist;
				IPHONEOS_DEPLOYMENT_TARGET = 15.0;
				LD_RUNPATH_SEARCH_PATHS = (
					"$(inherited)",
					"@executable_path/Frameworks",
					"@loader_path/Frameworks",
				);
				ONLY_ACTIVE_ARCH = YES;
				PRODUCT_BUNDLE_IDENTIFIER = love.iris.LoveTests;
				PRODUCT_NAME = "$(TARGET_NAME)";
				SWIFT_VERSION = 5.0;
				TARGETED_DEVICE_FAMILY = "1,2";
				TEST_HOST = "$(BUILT_PRODUCTS_DIR)/Amare.app/Amare";
			};
			name = Debug;
		};
		26B1B0012678FFE700A170B3 /* Release */ = {
			isa = XCBuildConfiguration;
			buildSettings = {
				BUNDLE_LOADER = "$(TEST_HOST)";
				CODE_SIGN_STYLE = Automatic;
				DEVELOPMENT_TEAM = HGQ8Q53DV8;
				INFOPLIST_FILE = AmareTests/Info.plist;
				IPHONEOS_DEPLOYMENT_TARGET = 15.0;
				LD_RUNPATH_SEARCH_PATHS = (
					"$(inherited)",
					"@executable_path/Frameworks",
					"@loader_path/Frameworks",
				);
				ONLY_ACTIVE_ARCH = YES;
				PRODUCT_BUNDLE_IDENTIFIER = love.iris.LoveTests;
				PRODUCT_NAME = "$(TARGET_NAME)";
				SWIFT_VERSION = 5.0;
				TARGETED_DEVICE_FAMILY = "1,2";
				TEST_HOST = "$(BUILT_PRODUCTS_DIR)/Amare.app/Amare";
			};
			name = Release;
		};
		26B1B0032678FFE700A170B3 /* Debug */ = {
			isa = XCBuildConfiguration;
			buildSettings = {
				CODE_SIGN_STYLE = Automatic;
				DEVELOPMENT_TEAM = HGQ8Q53DV8;
				INFOPLIST_FILE = AmareUITests/Info.plist;
				LD_RUNPATH_SEARCH_PATHS = (
					"$(inherited)",
					"@executable_path/Frameworks",
					"@loader_path/Frameworks",
				);
				ONLY_ACTIVE_ARCH = YES;
				PRODUCT_BUNDLE_IDENTIFIER = love.iris.LoveUITests;
				PRODUCT_NAME = "$(TARGET_NAME)";
				SWIFT_VERSION = 5.0;
				TARGETED_DEVICE_FAMILY = "1,2";
				TEST_TARGET_NAME = Love;
			};
			name = Debug;
		};
		26B1B0042678FFE700A170B3 /* Release */ = {
			isa = XCBuildConfiguration;
			buildSettings = {
				CODE_SIGN_STYLE = Automatic;
				DEVELOPMENT_TEAM = HGQ8Q53DV8;
				INFOPLIST_FILE = AmareUITests/Info.plist;
				LD_RUNPATH_SEARCH_PATHS = (
					"$(inherited)",
					"@executable_path/Frameworks",
					"@loader_path/Frameworks",
				);
				ONLY_ACTIVE_ARCH = YES;
				PRODUCT_BUNDLE_IDENTIFIER = love.iris.LoveUITests;
				PRODUCT_NAME = "$(TARGET_NAME)";
				SWIFT_VERSION = 5.0;
				TARGETED_DEVICE_FAMILY = "1,2";
				TEST_TARGET_NAME = Love;
			};
			name = Release;
		};
/* End XCBuildConfiguration section */

/* Begin XCConfigurationList section */
		262F2A482A4906EF00C980D3 /* Build configuration list for PBXNativeTarget "OnboardingTests" */ = {
			isa = XCConfigurationList;
			buildConfigurations = (
				262F2A462A4906EF00C980D3 /* Debug */,
				262F2A472A4906EF00C980D3 /* Release */,
			);
			defaultConfigurationIsVisible = 0;
			defaultConfigurationName = Release;
		};
		26B1AFCD2678FFE500A170B3 /* Build configuration list for PBXProject "Amare" */ = {
			isa = XCConfigurationList;
			buildConfigurations = (
				26B1AFFA2678FFE700A170B3 /* Debug */,
				26B1AFFB2678FFE700A170B3 /* Release */,
			);
			defaultConfigurationIsVisible = 0;
			defaultConfigurationName = Release;
		};
		26B1AFFC2678FFE700A170B3 /* Build configuration list for PBXNativeTarget "Amare" */ = {
			isa = XCConfigurationList;
			buildConfigurations = (
				26B1AFFD2678FFE700A170B3 /* Debug */,
				26B1AFFE2678FFE700A170B3 /* Release */,
			);
			defaultConfigurationIsVisible = 0;
			defaultConfigurationName = Release;
		};
		26B1AFFF2678FFE700A170B3 /* Build configuration list for PBXNativeTarget "AmareTests" */ = {
			isa = XCConfigurationList;
			buildConfigurations = (
				26B1B0002678FFE700A170B3 /* Debug */,
				26B1B0012678FFE700A170B3 /* Release */,
			);
			defaultConfigurationIsVisible = 0;
			defaultConfigurationName = Release;
		};
		26B1B0022678FFE700A170B3 /* Build configuration list for PBXNativeTarget "AmareUITests" */ = {
			isa = XCConfigurationList;
			buildConfigurations = (
				26B1B0032678FFE700A170B3 /* Debug */,
				26B1B0042678FFE700A170B3 /* Release */,
			);
			defaultConfigurationIsVisible = 0;
			defaultConfigurationName = Release;
		};
/* End XCConfigurationList section */

/* Begin XCRemoteSwiftPackageReference section */
		2603B0B928380141003ED2AB /* XCRemoteSwiftPackageReference "url-image" */ = {
			isa = XCRemoteSwiftPackageReference;
			repositoryURL = "https://github.com/dmytro-anokhin/url-image";
			requirement = {
				branch = main;
				kind = branch;
			};
		};
		2603B0C3283802A9003ED2AB /* XCRemoteSwiftPackageReference "push-notifications-swift" */ = {
			isa = XCRemoteSwiftPackageReference;
			repositoryURL = "https://github.com/pusher/push-notifications-swift.git";
			requirement = {
				branch = master;
				kind = branch;
			};
		};
		2603B0C62838033F003ED2AB /* XCRemoteSwiftPackageReference "PopupView" */ = {
			isa = XCRemoteSwiftPackageReference;
			repositoryURL = "https://github.com/Amare-Corporation/PopupView";
			requirement = {
				kind = upToNextMajorVersion;
				minimumVersion = 1.0.0;
			};
		};
		2603B0C9283803B1003ED2AB /* XCRemoteSwiftPackageReference "MbSwiftUIFirstResponder" */ = {
			isa = XCRemoteSwiftPackageReference;
			repositoryURL = "https://github.com/Mobilinked/MbSwiftUIFirstResponder";
			requirement = {
				branch = main;
				kind = branch;
			};
		};
		262712D82A61BE4700E36906 /* XCRemoteSwiftPackageReference "firebase-ios-sdk" */ = {
			isa = XCRemoteSwiftPackageReference;
			repositoryURL = "https://github.com/firebase/firebase-ios-sdk";
			requirement = {
				kind = upToNextMajorVersion;
				minimumVersion = 10.12.0;
			};
		};
		262712E12A61D50200E36906 /* XCRemoteSwiftPackageReference "firebase-ios-sdk" */ = {
			isa = XCRemoteSwiftPackageReference;
			repositoryURL = "https://github.com/firebase/firebase-ios-sdk";
			requirement = {
				kind = upToNextMajorVersion;
				minimumVersion = 10.12.0;
			};
		};
		262712EA2A61D57A00E36906 /* XCRemoteSwiftPackageReference "LoremSwiftum" */ = {
			isa = XCRemoteSwiftPackageReference;
			repositoryURL = "https://github.com/lukaskubanek/LoremSwiftum.git";
			requirement = {
				branch = master;
				kind = branch;
			};
		};
		262712ED2A61D5B200E36906 /* XCRemoteSwiftPackageReference "stream-chat-swiftui" */ = {
			isa = XCRemoteSwiftPackageReference;
			repositoryURL = "https://github.com/GetStream/stream-chat-swiftui.git";
			requirement = {
				kind = upToNextMajorVersion;
				minimumVersion = 4.34.0;
			};
		};
		262712F02A61D66600E36906 /* XCRemoteSwiftPackageReference "url-image" */ = {
			isa = XCRemoteSwiftPackageReference;
			repositoryURL = "https://github.com/dmytro-anokhin/url-image";
			requirement = {
				kind = upToNextMajorVersion;
				minimumVersion = 3.1.1;
			};
		};
		262712F52A61D6E500E36906 /* XCRemoteSwiftPackageReference "MbSwiftUIFirstResponder" */ = {
			isa = XCRemoteSwiftPackageReference;
			repositoryURL = "https://github.com/Mobilinked/MbSwiftUIFirstResponder";
			requirement = {
				kind = upToNextMajorVersion;
				minimumVersion = 1.0.0;
			};
		};
		262712F82A61D76B00E36906 /* XCRemoteSwiftPackageReference "push-notifications-swift" */ = {
			isa = XCRemoteSwiftPackageReference;
			repositoryURL = "https://github.com/pusher/push-notifications-swift";
			requirement = {
				kind = upToNextMajorVersion;
				minimumVersion = 4.0.0;
			};
		};
		2678DD8328B04DDF009A057C /* XCRemoteSwiftPackageReference "swiftui-navigation-stack" */ = {
			isa = XCRemoteSwiftPackageReference;
			repositoryURL = "https://github.com/matteopuc/swiftui-navigation-stack";
			requirement = {
				branch = develop;
				kind = branch;
			};
		};
		2684C6642A65F97F0048BB4E /* XCRemoteSwiftPackageReference "SDWebImageSwiftUI" */ = {
			isa = XCRemoteSwiftPackageReference;
			repositoryURL = "https://github.com/SDWebImage/SDWebImageSwiftUI";
			requirement = {
				kind = upToNextMajorVersion;
				minimumVersion = 2.2.3;
			};
		};
		2696FAB628381B0D00584768 /* XCRemoteSwiftPackageReference "SPIndicator" */ = {
			isa = XCRemoteSwiftPackageReference;
			repositoryURL = "https://github.com/ivanvorobei/SPIndicator";
			requirement = {
				kind = upToNextMajorVersion;
				minimumVersion = 1.0.0;
			};
		};
		2696FAB928381CFD00584768 /* XCRemoteSwiftPackageReference "SwiftUI-Shimmer" */ = {
			isa = XCRemoteSwiftPackageReference;
			repositoryURL = "https://github.com/markiv/SwiftUI-Shimmer";
			requirement = {
				kind = upToNextMajorVersion;
				minimumVersion = 1.0.0;
			};
		};
		2696FABC28381D6F00584768 /* XCRemoteSwiftPackageReference "UICircularProgressRing" */ = {
			isa = XCRemoteSwiftPackageReference;
			repositoryURL = "https://github.com/luispadron/UICircularProgressRing.git";
			requirement = {
				branch = master;
				kind = branch;
			};
		};
		2696FABF28381DD800584768 /* XCRemoteSwiftPackageReference "swiftui-vertical-tab-view" */ = {
			isa = XCRemoteSwiftPackageReference;
			repositoryURL = "https://github.com/lorenzofiamingo/swiftui-vertical-tab-view";
			requirement = {
				kind = upToNextMajorVersion;
				minimumVersion = 2.0.0;
			};
		};
		2696FAC228381EB200584768 /* XCRemoteSwiftPackageReference "SkeletonUI" */ = {
			isa = XCRemoteSwiftPackageReference;
			repositoryURL = "https://github.com/CSolanaM/SkeletonUI";
			requirement = {
				kind = upToNextMajorVersion;
				minimumVersion = 1.0.0;
			};
		};
		2696FAC52838202400584768 /* XCRemoteSwiftPackageReference "SPConfetti" */ = {
			isa = XCRemoteSwiftPackageReference;
			repositoryURL = "https://github.com/ivanvorobei/SPConfetti";
			requirement = {
				kind = upToNextMajorVersion;
				minimumVersion = 1.0.0;
			};
		};
		2696FADF2838327F00584768 /* XCRemoteSwiftPackageReference "MultipeerKit" */ = {
			isa = XCRemoteSwiftPackageReference;
			repositoryURL = "https://github.com/insidegui/MultipeerKit.git";
			requirement = {
				branch = main;
				kind = branch;
			};
		};
		26B598D5295D103F009DEA22 /* XCRemoteSwiftPackageReference "BottomSheet" */ = {
			isa = XCRemoteSwiftPackageReference;
			repositoryURL = "https://github.com/danielsaidi/BottomSheet.git";
			requirement = {
				kind = upToNextMajorVersion;
				minimumVersion = 0.3.0;
			};
		};
		26E10BA8285A389D007666F9 /* XCRemoteSwiftPackageReference "stream-chat-swiftui" */ = {
			isa = XCRemoteSwiftPackageReference;
			repositoryURL = "https://github.com/getstream/stream-chat-swiftui";
			requirement = {
				kind = upToNextMajorVersion;
				minimumVersion = 4.20.0;
			};
		};
		26E10BAE2867B196007666F9 /* XCRemoteSwiftPackageReference "LoremSwiftum" */ = {
			isa = XCRemoteSwiftPackageReference;
			repositoryURL = "https://github.com/lukaskubanek/LoremSwiftum";
			requirement = {
				branch = master;
				kind = branch;
			};
		};
/* End XCRemoteSwiftPackageReference section */

/* Begin XCSwiftPackageProductDependency section */
		262712E22A61D50200E36906 /* FirebaseAuth */ = {
			isa = XCSwiftPackageProductDependency;
			package = 262712D82A61BE4700E36906 /* XCRemoteSwiftPackageReference "firebase-ios-sdk" */;
			productName = FirebaseAuth;
		};
		262712E42A61D50200E36906 /* FirebaseFirestore */ = {
			isa = XCSwiftPackageProductDependency;
			package = 262712D82A61BE4700E36906 /* XCRemoteSwiftPackageReference "firebase-ios-sdk" */;
			productName = FirebaseFirestore;
		};
		262712E62A61D50200E36906 /* FirebaseFirestoreSwift */ = {
			isa = XCSwiftPackageProductDependency;
			package = 262712D82A61BE4700E36906 /* XCRemoteSwiftPackageReference "firebase-ios-sdk" */;
			productName = FirebaseFirestoreSwift;
		};
		262712E82A61D50200E36906 /* FirebaseStorage */ = {
			isa = XCSwiftPackageProductDependency;
			package = 262712D82A61BE4700E36906 /* XCRemoteSwiftPackageReference "firebase-ios-sdk" */;
			productName = FirebaseStorage;
		};
		262712EB2A61D57A00E36906 /* LoremSwiftum */ = {
			isa = XCSwiftPackageProductDependency;
			package = 262712EA2A61D57A00E36906 /* XCRemoteSwiftPackageReference "LoremSwiftum" */;
			productName = LoremSwiftum;
		};
		262712EE2A61D5B200E36906 /* StreamChatSwiftUI */ = {
			isa = XCSwiftPackageProductDependency;
			package = 262712ED2A61D5B200E36906 /* XCRemoteSwiftPackageReference "stream-chat-swiftui" */;
			productName = StreamChatSwiftUI;
		};
		262712F12A61D66600E36906 /* URLImage */ = {
			isa = XCSwiftPackageProductDependency;
			package = 262712F02A61D66600E36906 /* XCRemoteSwiftPackageReference "url-image" */;
			productName = URLImage;
		};
		262712F32A61D66600E36906 /* URLImageStore */ = {
			isa = XCSwiftPackageProductDependency;
			package = 262712F02A61D66600E36906 /* XCRemoteSwiftPackageReference "url-image" */;
			productName = URLImageStore;
		};
		262712F62A61D6E600E36906 /* MbSwiftUIFirstResponder */ = {
			isa = XCSwiftPackageProductDependency;
			package = 262712F52A61D6E500E36906 /* XCRemoteSwiftPackageReference "MbSwiftUIFirstResponder" */;
			productName = MbSwiftUIFirstResponder;
		};
		262712F92A61D76B00E36906 /* PushNotifications */ = {
			isa = XCSwiftPackageProductDependency;
			package = 262712F82A61D76B00E36906 /* XCRemoteSwiftPackageReference "push-notifications-swift" */;
			productName = PushNotifications;
		};
		2684C6652A65F9800048BB4E /* SDWebImageSwiftUI */ = {
			isa = XCSwiftPackageProductDependency;
			package = 2684C6642A65F97F0048BB4E /* XCRemoteSwiftPackageReference "SDWebImageSwiftUI" */;
			productName = SDWebImageSwiftUI;
		};
/* End XCSwiftPackageProductDependency section */

/* Begin XCVersionGroup section */
		26B1AFE02678FFE700A170B3 /* Love.xcdatamodeld */ = {
			isa = XCVersionGroup;
			children = (
				26B1AFE12678FFE700A170B3 /* Love.xcdatamodel */,
			);
			currentVersion = 26B1AFE12678FFE700A170B3 /* Love.xcdatamodel */;
			path = Love.xcdatamodeld;
			sourceTree = "<group>";
			versionGroupType = wrapper.xcdatamodel;
		};
/* End XCVersionGroup section */
	};
	rootObject = 26B1AFCA2678FFE500A170B3 /* Project object */;
}
