PODS:
  - GeoFire/Utils (4.3.0)
  - GooglePlaces (6.0.0)
  - IPImage (1.0.2)
  - PushNotifications (4.0.0)
  - TimeZoneLocate (0.5.0)

DEPENDENCIES:
  - GeoFire/Utils
  - GooglePlaces (= 6.0.0)
  - IPImage
  - PushNotifications
  - TimeZoneLocate

SPEC REPOS:
  trunk:
    - GeoFire
    - GooglePlaces
    - IPImage
    - PushNotifications
    - TimeZoneLocate

SPEC CHECKSUMS:
  GeoFire: c34927b5c81ab614f611c79aa8d074cfa9780f07
  GooglePlaces: c97d96ae68594acb64035c9ca9f26fbfc1d23af1
  IPImage: 11ea6a9481706a6ad5e724a7c07ccd57739f8103
  PushNotifications: 2b2174b28bf48b1fe552686d1f95c53d62a4781d
  TimeZoneLocate: 8536d7435a408ac14b6e0190ffcca2c2bb91aff8

PODFILE CHECKSUM: 49a399008291ccb30350f61555e4682d3a4485d1

COCOAPODS: 1.10.1
