{
  "pins" : [
    {
      "identity" : "abseil-cpp-swiftpm",
      "kind" : "remoteSourceControl",
      "location" : "https://github.com/firebase/abseil-cpp-SwiftPM.git",
      "state" : {
        "revision" : "583de9bd60f66b40e78d08599cc92036c2e7e4e1",
        "version" : "0.20220203.2"
      }
    },
    {
      "identity" : "appauth-ios",
      "kind" : "remoteSourceControl",
      "location" : "https://github.com/openid/AppAuth-iOS.git",
      "state" : {
        "revision" : "33660c271c961f8ce1084cc13f2ea8195e864f7d",
        "version" : "1.5.0"
      }
    },
    {
      "identity" : "boringssl-swiftpm",
      "kind" : "remoteSourceControl",
      "location" : "https://github.com/firebase/boringssl-SwiftPM.git",
      "state" : {
        "revision" : "79db6516894a932d0ddaff3b05b9da1e4f6c4069",
        "version" : "0.9.0"
      }
    },
    {
      "identity" : "bottomsheet",
      "kind" : "remoteSourceControl",
      "location" : "https://github.com/danielsaidi/BottomSheet.git",
      "state" : {
        "revision" : "5a5aa250483690820feb016b7760539938d4fbb6",
        "version" : "0.3.0"
      }
    },
    {
      "identity" : "cwlcatchexception",
      "kind" : "remoteSourceControl",
      "location" : "https://github.com/mattgallagher/CwlCatchException.git",
      "state" : {
        "revision" : "35f9e770f54ce62dd8526470f14c6e137cef3eea",
        "version" : "2.1.1"
      }
    },
    {
      "identity" : "cwlpreconditiontesting",
      "kind" : "remoteSourceControl",
      "location" : "https://github.com/mattgallagher/CwlPreconditionTesting.git",
      "state" : {
        "revision" : "c21f7bab5ca8eee0a9998bbd17ca1d0eb45d4688",
        "version" : "2.1.0"
      }
    },
    {
      "identity" : "difference",
      "kind" : "remoteSourceControl",
      "location" : "https://github.com/krzysztofzablocki/Difference.git",
      "state" : {
        "revision" : "02fe1111edc8318c4f8a0da96336fcbcc201f38b",
        "version" : "1.0.1"
      }
    },
    {
      "identity" : "easy-firebase",
      "kind" : "remoteSourceControl",
      "location" : "https://github.com/Flowductive/easy-firebase",
      "state" : {
        "revision" : "9f3bf90805b38226aaa5c7261e6b4c0fb9b0b6e1",
        "version" : "1.2.2"
      }
    },
    {
      "identity" : "firebase-ios-sdk",
      "kind" : "remoteSourceControl",
      "location" : "https://github.com/firebase/firebase-ios-sdk.git",
      "state" : {
        "revision" : "111d8d6ad1a1afd6c8e9561d26e55ab1e74fcb42",
        "version" : "8.15.0"
      }
    },
    {
      "identity" : "gappauth",
      "kind" : "remoteSourceControl",
      "location" : "https://github.com/benlmyers/GAppAuth",
      "state" : {
        "revision" : "6124bcd8a5e4576a485aa70d92e50e32c587223d",
        "version" : "1.6.5"
      }
    },
    {
      "identity" : "gifu",
      "kind" : "remoteSourceControl",
      "location" : "https://github.com/kaishin/Gifu",
      "state" : {
        "revision" : "51f2eab32903e336f590c013267cfa4d7f8b06c4",
        "version" : "3.3.1"
      }
    },
    {
      "identity" : "googleappmeasurement",
      "kind" : "remoteSourceControl",
      "location" : "https://github.com/google/GoogleAppMeasurement.git",
      "state" : {
        "revision" : "ef819db8c58657a6ca367322e73f3b6322afe0a2",
        "version" : "8.15.0"
      }
    },
    {
      "identity" : "googledatatransport",
      "kind" : "remoteSourceControl",
      "location" : "https://github.com/google/GoogleDataTransport.git",
      "state" : {
        "revision" : "b905c49326b72211531ed9d7baa02d724828a8dc",
        "version" : "9.1.4"
      }
    },
    {
      "identity" : "googleutilities",
      "kind" : "remoteSourceControl",
      "location" : "https://github.com/google/GoogleUtilities.git",
      "state" : {
        "revision" : "f4abe56ce62a779e64b525eb133c8fc2a84bbc1f",
        "version" : "7.7.1"
      }
    },
    {
      "identity" : "grpc-ios",
      "kind" : "remoteSourceControl",
      "location" : "https://github.com/grpc/grpc-ios.git",
      "state" : {
        "revision" : "8440b914756e0d26d4f4d054a1c1581daedfc5b6",
        "version" : "1.44.3-grpc"
      }
    },
    {
      "identity" : "gtm-session-fetcher",
      "kind" : "remoteSourceControl",
      "location" : "https://github.com/google/gtm-session-fetcher.git",
      "state" : {
        "revision" : "4e9bbf2808b8fee444e84a48f5f3c12641987d3e",
        "version" : "1.7.2"
      }
    },
    {
      "identity" : "gtmappauth",
      "kind" : "remoteSourceControl",
      "location" : "https://github.com/google/GTMAppAuth.git",
      "state" : {
        "revision" : "b9d1683be336ba8c8d1c6867bafeb056a5399700",
        "version" : "1.3.0"
      }
    },
    {
      "identity" : "leveldb",
      "kind" : "remoteSourceControl",
      "location" : "https://github.com/firebase/leveldb.git",
      "state" : {
        "revision" : "0706abcc6b0bd9cedfbb015ba840e4a780b5159b",
        "version" : "1.22.2"
      }
    },
    {
      "identity" : "loremswiftum",
      "kind" : "remoteSourceControl",
      "location" : "https://github.com/lukaskubanek/LoremSwiftum",
      "state" : {
        "branch" : "master",
        "revision" : "8942e732e50458cde5dccf9996afa16f29372853"
      }
    },
    {
      "identity" : "mbswiftuifirstresponder",
      "kind" : "remoteSourceControl",
      "location" : "https://github.com/Mobilinked/MbSwiftUIFirstResponder",
      "state" : {
        "branch" : "main",
        "revision" : "4eafce5e917742334183f9bde9ebeedbcc0b1651"
      }
    },
    {
      "identity" : "multipeerkit",
      "kind" : "remoteSourceControl",
      "location" : "https://github.com/insidegui/MultipeerKit.git",
      "state" : {
        "branch" : "main",
        "revision" : "844cfdaffa18aa84fb1c6396697ebe1e68478a17"
      }
    },
    {
      "identity" : "nanopb",
      "kind" : "remoteSourceControl",
      "location" : "https://github.com/firebase/nanopb.git",
      "state" : {
        "revision" : "7ee9ef9f627d85cbe1b8c4f49a3ed26eed216c77",
        "version" : "2.30908.0"
      }
    },
    {
      "identity" : "nimble",
      "kind" : "remoteSourceControl",
      "location" : "https://github.com/Quick/Nimble",
      "state" : {
        "revision" : "c93f16c25af5770f0d3e6af27c9634640946b068",
        "version" : "9.2.1"
      }
    },
    {
      "identity" : "nuke",
      "kind" : "remoteSourceControl",
      "location" : "https://github.com/kean/Nuke.git",
      "state" : {
        "revision" : "a002b7fd786f2df2ed4333fe73a9727499fd9d97",
        "version" : "10.11.2"
      }
    },
    {
      "identity" : "nukeui",
      "kind" : "remoteSourceControl",
      "location" : "https://github.com/kean/NukeUI.git",
      "state" : {
        "revision" : "ebfed3c9a4e97e310b0ff8ee0fffe5579887a825",
        "version" : "0.8.2"
      }
    },
    {
      "identity" : "ohhttpstubs",
      "kind" : "remoteSourceControl",
      "location" : "https://github.com/AliSoftware/OHHTTPStubs",
      "state" : {
        "revision" : "12f19662426d0434d6c330c6974d53e2eb10ecd9",
        "version" : "9.1.0"
      }
    },
    {
      "identity" : "popupview",
      "kind" : "remoteSourceControl",
      "location" : "https://github.com/Amare-Corporation/PopupView",
      "state" : {
        "revision" : "b1834668b34b9ec22dfe7c462dfbb694edc7ec2d",
        "version" : "1.0.1"
      }
    },
    {
      "identity" : "promises",
      "kind" : "remoteSourceControl",
      "location" : "https://github.com/google/promises.git",
      "state" : {
        "revision" : "3e4e743631e86c8c70dbc6efdc7beaa6e90fd3bb",
        "version" : "2.1.1"
      }
    },
    {
      "identity" : "push-notifications-swift",
      "kind" : "remoteSourceControl",
      "location" : "https://github.com/pusher/push-notifications-swift.git",
      "state" : {
        "branch" : "master",
        "revision" : "d72041ef4566a49f9d3701ea24b6d6a46f5c55fc"
      }
    },
    {
      "identity" : "skeletonui",
      "kind" : "remoteSourceControl",
      "location" : "https://github.com/CSolanaM/SkeletonUI",
      "state" : {
        "revision" : "132f12a34b7fdab275bfc61968749b1f11c36300",
        "version" : "1.0.7"
      }
    },
    {
      "identity" : "sourcekitten",
      "kind" : "remoteSourceControl",
      "location" : "https://github.com/jpsim/SourceKitten.git",
      "state" : {
        "revision" : "817dfa6f2e09b0476f3a6c9dbc035991f02f0241",
        "version" : "0.32.0"
      }
    },
    {
      "identity" : "spconfetti",
      "kind" : "remoteSourceControl",
      "location" : "https://github.com/ivanvorobei/SPConfetti",
      "state" : {
        "revision" : "ebbb3f98c373d7a9981552ae31a7ac9b78680d76",
        "version" : "1.4.0"
      }
    },
    {
      "identity" : "spindicator",
      "kind" : "remoteSourceControl",
      "location" : "https://github.com/ivanvorobei/SPIndicator",
      "state" : {
        "revision" : "43600857729d9efff046dc6673e6f94e095882c7",
        "version" : "1.6.4"
      }
    },
    {
      "identity" : "stream-chat-swift",
      "kind" : "remoteSourceControl",
      "location" : "https://github.com/GetStream/stream-chat-swift.git",
      "state" : {
        "revision" : "bd95aa88194d8cbbabe933e5db4c48bd0016b38b",
        "version" : "4.20.0"
      }
    },
    {
      "identity" : "stream-chat-swift-test-helpers",
      "kind" : "remoteSourceControl",
      "location" : "https://github.com/GetStream/stream-chat-swift-test-helpers.git",
      "state" : {
        "revision" : "553d5c351c22a55b55adba1933ad7e24e2de76c2",
        "version" : "0.2.2"
      }
    },
    {
      "identity" : "stream-chat-swiftui",
      "kind" : "remoteSourceControl",
      "location" : "https://github.com/getstream/stream-chat-swiftui",
      "state" : {
        "revision" : "7b5a71d6db0cdda20c5d1d64857191a90900d91d",
        "version" : "4.20.0"
      }
    },
    {
      "identity" : "swift-argument-parser",
      "kind" : "remoteSourceControl",
      "location" : "https://github.com/apple/swift-argument-parser.git",
      "state" : {
        "revision" : "e394bf350e38cb100b6bc4172834770ede1b7232",
        "version" : "1.0.3"
      }
    },
    {
      "identity" : "swift-protobuf",
      "kind" : "remoteSourceControl",
      "location" : "https://github.com/apple/swift-protobuf.git",
      "state" : {
        "revision" : "e1499bc69b9040b29184f7f2996f7bab467c1639",
        "version" : "1.19.0"
      }
    },
    {
      "identity" : "swift-snapshot-testing",
      "kind" : "remoteSourceControl",
      "location" : "https://github.com/pointfreeco/swift-snapshot-testing",
      "state" : {
        "revision" : "f8a9c997c3c1dab4e216a8ec9014e23144cbab37",
        "version" : "1.9.0"
      }
    },
    {
      "identity" : "swift-syntax",
      "kind" : "remoteSourceControl",
      "location" : "https://github.com/apple/swift-syntax.git",
      "state" : {
        "revision" : "0b6c22b97f8e9320bca62e82cdbee601cf37ad3f",
        "version" : "0.50600.1"
      }
    },
    {
      "identity" : "swifter",
      "kind" : "remoteSourceControl",
      "location" : "https://github.com/httpswift/swifter",
      "state" : {
        "revision" : "9483a5d459b45c3ffd059f7b55f9638e268632fd",
        "version" : "1.5.0"
      }
    },
    {
      "identity" : "swiftlint",
      "kind" : "remoteSourceControl",
      "location" : "https://github.com/realm/SwiftLint",
      "state" : {
        "revision" : "e497f1f5b161af96ba439049d21970c6204d06c6",
        "version" : "0.47.1"
      }
    },
    {
      "identity" : "swiftui-navigation-stack",
      "kind" : "remoteSourceControl",
      "location" : "https://github.com/matteopuc/swiftui-navigation-stack",
      "state" : {
        "branch" : "develop",
        "revision" : "bc6a8188a937e5da34d07117092131292f9ad9e8"
      }
    },
    {
      "identity" : "swiftui-shimmer",
      "kind" : "remoteSourceControl",
      "location" : "https://github.com/markiv/SwiftUI-Shimmer",
      "state" : {
        "revision" : "61411771350a5a4e96666a8a202ae4b2be327a2b",
        "version" : "1.0.1"
      }
    },
    {
      "identity" : "swiftui-vertical-tab-view",
      "kind" : "remoteSourceControl",
      "location" : "https://github.com/lorenzofiamingo/swiftui-vertical-tab-view",
      "state" : {
        "revision" : "e029f75f9c43e52e351528a78e293a997200b9f8",
        "version" : "2.0.0"
      }
    },
    {
      "identity" : "swiftytexttable",
      "kind" : "remoteSourceControl",
      "location" : "https://github.com/scottrhoyt/SwiftyTextTable.git",
      "state" : {
        "revision" : "c6df6cf533d120716bff38f8ff9885e1ce2a4ac3",
        "version" : "0.9.0"
      }
    },
    {
      "identity" : "swxmlhash",
      "kind" : "remoteSourceControl",
      "location" : "https://github.com/drmohundro/SWXMLHash.git",
      "state" : {
        "revision" : "6469881a3f30417c5bb02404ea4b69207f297592",
        "version" : "6.0.0"
      }
    },
    {
      "identity" : "uicircularprogressring",
      "kind" : "remoteSourceControl",
      "location" : "https://github.com/luispadron/UICircularProgressRing.git",
      "state" : {
        "branch" : "master",
        "revision" : "5b00b9b42b0a7db6f8239d526d7251eef9a63dcd"
      }
    },
    {
      "identity" : "url-image",
      "kind" : "remoteSourceControl",
      "location" : "https://github.com/dmytro-anokhin/url-image",
      "state" : {
        "branch" : "main",
        "revision" : "20abda498bf8fe78631b1057b77078147598962b"
      }
    },
    {
      "identity" : "yams",
      "kind" : "remoteSourceControl",
      "location" : "https://github.com/jpsim/Yams.git",
      "state" : {
        "revision" : "9ff1cc9327586db4e0c8f46f064b6a82ec1566fa",
        "version" : "4.0.6"
      }
    }
  ],
  "version" : 2
}
